// !$*UTF8*$!
{
	archiveVersion = 1;
	classes = {
	};
	objectVersion = 46;
	objects = {

/* Begin PBXBuildFile section */
		A508A05C18F2155E001CA259 /* libVKSdk.a in Frameworks */ = {isa = PBXBuildFile; fileRef = A508A05918F21555001CA259 /* libVKSdk.a */; };
		A50EA7E1189DA2A200F4749D /* libsqlite3.dylib in Frameworks */ = {isa = PBXBuildFile; fileRef = A50EA7E0189DA2A200F4749D /* libsqlite3.dylib */; };
		A5199E0B18F9F04000162C3A /* theme_complete.png in Resources */ = {isa = PBXBuildFile; fileRef = A5199E0918F9F04000162C3A /* theme_complete.png */; };
		A5199E0C18F9F04000162C3A /* theme_complete@2x.png in Resources */ = {isa = PBXBuildFile; fileRef = A5199E0A18F9F04000162C3A /* theme_complete@2x.png */; };
		A51E8AA918DE428500BAC3E5 /* StatisticsViewController.m in Sources */ = {isa = PBXBuildFile; fileRef = A51E8AA818DE428500BAC3E5 /* StatisticsViewController.m */; };
		A51E8AAD18DE49D700BAC3E5 /* StatisticsChildViewController.m in Sources */ = {isa = PBXBuildFile; fileRef = A51E8AAB18DE49D700BAC3E5 /* StatisticsChildViewController.m */; };
		A522E5F8189521C70090AFA2 /* Foundation.framework in Frameworks */ = {isa = PBXBuildFile; fileRef = A522E5F7189521C70090AFA2 /* Foundation.framework */; };
		A522E5FA189521C70090AFA2 /* CoreGraphics.framework in Frameworks */ = {isa = PBXBuildFile; fileRef = A522E5F9189521C70090AFA2 /* CoreGraphics.framework */; };
		A522E5FC189521C70090AFA2 /* UIKit.framework in Frameworks */ = {isa = PBXBuildFile; fileRef = A522E5FB189521C70090AFA2 /* UIKit.framework */; };
		A522E604189521C70090AFA2 /* main.m in Sources */ = {isa = PBXBuildFile; fileRef = A522E603189521C70090AFA2 /* main.m */; };
		A522E608189521C70090AFA2 /* AppDelegate.m in Sources */ = {isa = PBXBuildFile; fileRef = A522E607189521C70090AFA2 /* AppDelegate.m */; };
		A522E60B189521C70090AFA2 /* Main.storyboard in Resources */ = {isa = PBXBuildFile; fileRef = A522E609189521C70090AFA2 /* Main.storyboard */; };
		A522E60E189521C70090AFA2 /* ViewController.m in Sources */ = {isa = PBXBuildFile; fileRef = A522E60D189521C70090AFA2 /* ViewController.m */; };
		A522E610189521C70090AFA2 /* Images.xcassets in Resources */ = {isa = PBXBuildFile; fileRef = A522E60F189521C70090AFA2 /* Images.xcassets */; };
		A522E617189521C70090AFA2 /* XCTest.framework in Frameworks */ = {isa = PBXBuildFile; fileRef = A522E616189521C70090AFA2 /* XCTest.framework */; };
		A522E618189521C70090AFA2 /* Foundation.framework in Frameworks */ = {isa = PBXBuildFile; fileRef = A522E5F7189521C70090AFA2 /* Foundation.framework */; };
		A522E619189521C70090AFA2 /* UIKit.framework in Frameworks */ = {isa = PBXBuildFile; fileRef = A522E5FB189521C70090AFA2 /* UIKit.framework */; };
		A526410518DB1E7100AD31D6 /* ExamenViewController.m in Sources */ = {isa = PBXBuildFile; fileRef = A526410418DB1E7100AD31D6 /* ExamenViewController.m */; };
		A526410918DB1F4100AD31D6 /* ExamenChildViewController.m in Sources */ = {isa = PBXBuildFile; fileRef = A526410718DB1F4100AD31D6 /* ExamenChildViewController.m */; };
		A52EB7C018EA0BB300E4E537 /* ResultViewController.m in Sources */ = {isa = PBXBuildFile; fileRef = A52EB7BF18EA0BB300E4E537 /* ResultViewController.m */; };
		A52FF6F618F84FF4009660CA /* reload.png in Resources */ = {isa = PBXBuildFile; fileRef = A52FF6F418F84FF4009660CA /* reload.png */; };
		A52FF6F718F84FF4009660CA /* reload@2x.png in Resources */ = {isa = PBXBuildFile; fileRef = A52FF6F518F84FF4009660CA /* reload@2x.png */; };
		A5326A7B18EC09F9006FF377 /* iRate.bundle in Resources */ = {isa = PBXBuildFile; fileRef = A5326A7818EC09F9006FF377 /* iRate.bundle */; };
		A5326A7C18EC09F9006FF377 /* iRate.m in Sources */ = {isa = PBXBuildFile; fileRef = A5326A7A18EC09F9006FF377 /* iRate.m */; };
		A53AB38818F6E2C500577C1D /* cars.png in Resources */ = {isa = PBXBuildFile; fileRef = A53AB38618F6E2C500577C1D /* cars.png */; };
		A53AB38918F6E2C500577C1D /* cars@2x.png in Resources */ = {isa = PBXBuildFile; fileRef = A53AB38718F6E2C500577C1D /* cars@2x.png */; };
		A53DC91618F73756009B1ED4 /* UIButtonBarAction.png in Resources */ = {isa = PBXBuildFile; fileRef = A53DC91418F73756009B1ED4 /* UIButtonBarAction.png */; };
		A53DC91718F73756009B1ED4 /* UIButtonBarAction@2x.png in Resources */ = {isa = PBXBuildFile; fileRef = A53DC91518F73756009B1ED4 /* UIButtonBarAction@2x.png */; };
		A53DC91918F73C68009B1ED4 /* logo_share.png in Resources */ = {isa = PBXBuildFile; fileRef = A53DC91818F73C68009B1ED4 /* logo_share.png */; };
		A54F73F318D6402700EAB2A5 /* StyleSettings.plist in Resources */ = {isa = PBXBuildFile; fileRef = A54F73F218D6402700EAB2A5 /* StyleSettings.plist */; };
		A5614FE118F20EE700263A57 /* MBProgressHUD.m in Sources */ = {isa = PBXBuildFile; fileRef = A5614FE018F20EE700263A57 /* MBProgressHUD.m */; };
		A563E895189C473D004320F0 /* RulesDetailViewController.m in Sources */ = {isa = PBXBuildFile; fileRef = A563E894189C473D004320F0 /* RulesDetailViewController.m */; };
		A566181618F5B7D500B2B95C /* bookmark.png in Resources */ = {isa = PBXBuildFile; fileRef = A566180A18F5B7D500B2B95C /* bookmark.png */; };
		A566181718F5B7D500B2B95C /* bookmark@2x.png in Resources */ = {isa = PBXBuildFile; fileRef = A566180B18F5B7D500B2B95C /* bookmark@2x.png */; };
		A566181818F5B7D500B2B95C /* examen.png in Resources */ = {isa = PBXBuildFile; fileRef = A566180C18F5B7D500B2B95C /* examen.png */; };
		A566181918F5B7D500B2B95C /* examen@2x.png in Resources */ = {isa = PBXBuildFile; fileRef = A566180D18F5B7D500B2B95C /* examen@2x.png */; };
		A566181A18F5B7D500B2B95C /* literature.png in Resources */ = {isa = PBXBuildFile; fileRef = A566180E18F5B7D500B2B95C /* literature.png */; };
		A566181B18F5B7D500B2B95C /* literature@2x.png in Resources */ = {isa = PBXBuildFile; fileRef = A566180F18F5B7D500B2B95C /* literature@2x.png */; };
		A566181C18F5B7D500B2B95C /* logo.png in Resources */ = {isa = PBXBuildFile; fileRef = A566181018F5B7D500B2B95C /* logo.png */; };
		A566181D18F5B7D500B2B95C /* logo@2x.png in Resources */ = {isa = PBXBuildFile; fileRef = A566181118F5B7D500B2B95C /* logo@2x.png */; };
		A566181E18F5B7D500B2B95C /* settings.png in Resources */ = {isa = PBXBuildFile; fileRef = A566181218F5B7D500B2B95C /* settings.png */; };
		A566181F18F5B7D500B2B95C /* settings@2x.png in Resources */ = {isa = PBXBuildFile; fileRef = A566181318F5B7D500B2B95C /* settings@2x.png */; };
		A566182018F5B7D500B2B95C /* statistics.png in Resources */ = {isa = PBXBuildFile; fileRef = A566181418F5B7D500B2B95C /* statistics.png */; };
		A566182118F5B7D500B2B95C /* statistics@2x.png in Resources */ = {isa = PBXBuildFile; fileRef = A566181518F5B7D500B2B95C /* statistics@2x.png */; };
		A56A012618F0BF57000D38F9 /* MessageUI.framework in Frameworks */ = {isa = PBXBuildFile; fileRef = A56A012518F0BF57000D38F9 /* MessageUI.framework */; };
		A56A012918F0C295000D38F9 /* Reachability.m in Sources */ = {isa = PBXBuildFile; fileRef = A56A012818F0C295000D38F9 /* Reachability.m */; };
		A56B76F618D869DA00B1CDCF /* AudioToolbox.framework in Frameworks */ = {isa = PBXBuildFile; fileRef = A56B76F518D869DA00B1CDCF /* AudioToolbox.framework */; };
		A57AFA0218F5B9D9002560F1 /* bilet.png in Resources */ = {isa = PBXBuildFile; fileRef = A57AFA0018F5B9D9002560F1 /* bilet.png */; };
		A57AFA0318F5B9D9002560F1 /* bilet@2x.png in Resources */ = {isa = PBXBuildFile; fileRef = A57AFA0118F5B9D9002560F1 /* bilet@2x.png */; };
		A57B891118D3045500CB1E52 /* pdd.sqlite in Resources */ = {isa = PBXBuildFile; fileRef = A57B891018D3045500CB1E52 /* pdd.sqlite */; };
		A583B82D18E8B83000E2B6BF /* UIButtonBarTrash@2x.png in Resources */ = {isa = PBXBuildFile; fileRef = A583B82C18E8B83000E2B6BF /* UIButtonBarTrash@2x.png */; };
		A583B82F18E8B9C600E2B6BF /* UIButtonBarTrash.png in Resources */ = {isa = PBXBuildFile; fileRef = A583B82E18E8B9C600E2B6BF /* UIButtonBarTrash.png */; };
		A58CF97B18F697F600AA2B2E /* clock.png in Resources */ = {isa = PBXBuildFile; fileRef = A58CF97918F697F600AA2B2E /* clock.png */; };
		A58CF97C18F697F600AA2B2E /* clock@2x.png in Resources */ = {isa = PBXBuildFile; fileRef = A58CF97A18F697F600AA2B2E /* clock@2x.png */; };
		A58CF98118F6A11C00AA2B2E /* good.png in Resources */ = {isa = PBXBuildFile; fileRef = A58CF97F18F6A11C00AA2B2E /* good.png */; };
		A58CF98218F6A11C00AA2B2E /* good@2x.png in Resources */ = {isa = PBXBuildFile; fileRef = A58CF98018F6A11C00AA2B2E /* good@2x.png */; };
		A58CF98518F6A66900AA2B2E /* bad.png in Resources */ = {isa = PBXBuildFile; fileRef = A58CF98318F6A66900AA2B2E /* bad.png */; };
		A58CF98618F6A66900AA2B2E /* bad@2x.png in Resources */ = {isa = PBXBuildFile; fileRef = A58CF98418F6A66900AA2B2E /* bad@2x.png */; };
		A58EDA4318E0DF94003B9D42 /* UINavigationBarBackIndicatorDefault@2x.png in Resources */ = {isa = PBXBuildFile; fileRef = A58EDA4218E0DF94003B9D42 /* UINavigationBarBackIndicatorDefault@2x.png */; };
		A58EDA4518E0E089003B9D42 /* UINavigationBarBackIndicatorDefault.png in Resources */ = {isa = PBXBuildFile; fileRef = A58EDA4418E0E089003B9D42 /* UINavigationBarBackIndicatorDefault.png */; };
		A591798218FACA6100B7CCB3 /* LinesDetailViewController.m in Sources */ = {isa = PBXBuildFile; fileRef = A591798118FACA6100B7CCB3 /* LinesDetailViewController.m */; };
		A591798718FACA6A00B7CCB3 /* SignsDetailViewController.m in Sources */ = {isa = PBXBuildFile; fileRef = A591798618FACA6A00B7CCB3 /* SignsDetailViewController.m */; };
		A591798A18FACB4200B7CCB3 /* SignsListTableViewController.m in Sources */ = {isa = PBXBuildFile; fileRef = A591798918FACB4200B7CCB3 /* SignsListTableViewController.m */; };
		A591798D18FACD3400B7CCB3 /* RulesAndSignsTableViewController.m in Sources */ = {isa = PBXBuildFile; fileRef = A591798C18FACD3400B7CCB3 /* RulesAndSignsTableViewController.m */; };
		A592F26C18E759F6004D6996 /* ThemeViewController.m in Sources */ = {isa = PBXBuildFile; fileRef = A592F26B18E759F6004D6996 /* ThemeViewController.m */; };
		A592F26F18E75A26004D6996 /* ThemeChildViewController.m in Sources */ = {isa = PBXBuildFile; fileRef = A592F26E18E75A26004D6996 /* ThemeChildViewController.m */; };
		A59D6FB71896FFC400017711 /* SettingsViewController.m in Sources */ = {isa = PBXBuildFile; fileRef = A59D6FB61896FFC400017711 /* SettingsViewController.m */; };
		A5A690CB18984D7C001D5275 /* BiletListTableViewController.m in Sources */ = {isa = PBXBuildFile; fileRef = A5A690CA18984D7C001D5275 /* BiletListTableViewController.m */; };
		A5A690D418985634001D5275 /* ThemeListTableViewController.m in Sources */ = {isa = PBXBuildFile; fileRef = A5A690D318985634001D5275 /* ThemeListTableViewController.m */; };
		A5B04AB818BF80B1007B4D05 /* BiletChildViewController.m in Sources */ = {isa = PBXBuildFile; fileRef = A5B04AB518BF80B1007B4D05 /* BiletChildViewController.m */; };
		A5B04AB918BF80B1007B4D05 /* BiletViewController.m in Sources */ = {isa = PBXBuildFile; fileRef = A5B04AB718BF80B1007B4D05 /* BiletViewController.m */; };
		A5BA5F3118F7EBF50005A5BF /* vk_share.png in Resources */ = {isa = PBXBuildFile; fileRef = A5BA5F2D18F7EBF50005A5BF /* vk_share.png */; };
		A5BA5F3218F7EBF50005A5BF /* vk_share@2x.png in Resources */ = {isa = PBXBuildFile; fileRef = A5BA5F2E18F7EBF50005A5BF /* vk_share@2x.png */; };
		A5C18403189BEC6B00845C10 /* RulesListTableViewController.m in Sources */ = {isa = PBXBuildFile; fileRef = A5C18402189BEC6B00845C10 /* RulesListTableViewController.m */; };
		A5CCDE5D18F0677F0052456F /* Social.framework in Frameworks */ = {isa = PBXBuildFile; fileRef = A5CCDE5C18F0677F0052456F /* Social.framework */; };
		A5CDAD6318F5EF8A002FAE8A /* StoreKit.framework in Frameworks */ = {isa = PBXBuildFile; fileRef = A5CDAD6218F5EF8A002FAE8A /* StoreKit.framework */; settings = {ATTRIBUTES = (Weak, ); }; };
		A5D0FFC418FC122F00589B7A /* www in Resources */ = {isa = PBXBuildFile; fileRef = A5D0FFC318FC122F00589B7A /* www */; };
		A5D2BE3818F2075000248E7C /* VKontakteActivity.m in Sources */ = {isa = PBXBuildFile; fileRef = A5D2BE3718F2075000248E7C /* VKontakteActivity.m */; };
		A5F53B3418F7F2FE00648441 /* crash.png in Resources */ = {isa = PBXBuildFile; fileRef = A5F53B3218F7F2FE00648441 /* crash.png */; };
		A5F53B3518F7F2FE00648441 /* crash@2x.png in Resources */ = {isa = PBXBuildFile; fileRef = A5F53B3318F7F2FE00648441 /* crash@2x.png */; };
/* End PBXBuildFile section */

/* Begin PBXContainerItemProxy section */
		A508A05818F21555001CA259 /* PBXContainerItemProxy */ = {
			isa = PBXContainerItemProxy;
			containerPortal = A508A05318F21555001CA259 /* sdk.xcodeproj */;
			proxyType = 2;
			remoteGlobalIDString = F3C7542D182133CC00964716;
			remoteInfo = VKSdk;
		};
		A508A05A18F21555001CA259 /* PBXContainerItemProxy */ = {
			isa = PBXContainerItemProxy;
			containerPortal = A508A05318F21555001CA259 /* sdk.xcodeproj */;
			proxyType = 2;
			remoteGlobalIDString = F3BACC401865905B003158DA;
			remoteInfo = VKSdkResources;
		};
		A522E61A189521C70090AFA2 /* PBXContainerItemProxy */ = {
			isa = PBXContainerItemProxy;
			containerPortal = A522E5EC189521C70090AFA2 /* Project object */;
			proxyType = 1;
			remoteGlobalIDString = A522E5F3189521C70090AFA2;
			remoteInfo = ZnatokPDD;
		};
/* End PBXContainerItemProxy section */

/* Begin PBXFileReference section */
		A508A05318F21555001CA259 /* sdk.xcodeproj */ = {isa = PBXFileReference; lastKnownFileType = "wrapper.pb-project"; name = sdk.xcodeproj; path = znatokPDD/VKAPI/sdk.xcodeproj; sourceTree = SOURCE_ROOT; };
		A50EA7E0189DA2A200F4749D /* libsqlite3.dylib */ = {isa = PBXFileReference; lastKnownFileType = "compiled.mach-o.dylib"; name = libsqlite3.dylib; path = usr/lib/libsqlite3.dylib; sourceTree = SDKROOT; };
		A5199E0918F9F04000162C3A /* theme_complete.png */ = {isa = PBXFileReference; lastKnownFileType = image.png; path = theme_complete.png; sourceTree = "<group>"; };
		A5199E0A18F9F04000162C3A /* theme_complete@2x.png */ = {isa = PBXFileReference; lastKnownFileType = image.png; path = "theme_complete@2x.png"; sourceTree = "<group>"; };
		A51E8AA718DE428500BAC3E5 /* StatisticsViewController.h */ = {isa = PBXFileReference; fileEncoding = 4; lastKnownFileType = sourcecode.c.h; path = StatisticsViewController.h; sourceTree = "<group>"; };
		A51E8AA818DE428500BAC3E5 /* StatisticsViewController.m */ = {isa = PBXFileReference; fileEncoding = 4; lastKnownFileType = sourcecode.c.objc; path = StatisticsViewController.m; sourceTree = "<group>"; };
		A51E8AAA18DE49D700BAC3E5 /* StatisticsChildViewController.h */ = {isa = PBXFileReference; fileEncoding = 4; lastKnownFileType = sourcecode.c.h; path = StatisticsChildViewController.h; sourceTree = "<group>"; };
		A51E8AAB18DE49D700BAC3E5 /* StatisticsChildViewController.m */ = {isa = PBXFileReference; fileEncoding = 4; lastKnownFileType = sourcecode.c.objc; path = StatisticsChildViewController.m; sourceTree = "<group>"; };
		A522E5F4189521C70090AFA2 /* ZnatokPDD.app */ = {isa = PBXFileReference; explicitFileType = wrapper.application; includeInIndex = 0; path = ZnatokPDD.app; sourceTree = BUILT_PRODUCTS_DIR; };
		A522E5F7189521C70090AFA2 /* Foundation.framework */ = {isa = PBXFileReference; lastKnownFileType = wrapper.framework; name = Foundation.framework; path = System/Library/Frameworks/Foundation.framework; sourceTree = SDKROOT; };
		A522E5F9189521C70090AFA2 /* CoreGraphics.framework */ = {isa = PBXFileReference; lastKnownFileType = wrapper.framework; name = CoreGraphics.framework; path = System/Library/Frameworks/CoreGraphics.framework; sourceTree = SDKROOT; };
		A522E5FB189521C70090AFA2 /* UIKit.framework */ = {isa = PBXFileReference; lastKnownFileType = wrapper.framework; name = UIKit.framework; path = System/Library/Frameworks/UIKit.framework; sourceTree = SDKROOT; };
		A522E5FF189521C70090AFA2 /* ZnatokPDD-Info.plist */ = {isa = PBXFileReference; lastKnownFileType = text.plist.xml; path = "ZnatokPDD-Info.plist"; sourceTree = "<group>"; };
		A522E603189521C70090AFA2 /* main.m */ = {isa = PBXFileReference; lastKnownFileType = sourcecode.c.objc; path = main.m; sourceTree = "<group>"; };
		A522E605189521C70090AFA2 /* ZnatokPDD-Prefix.pch */ = {isa = PBXFileReference; lastKnownFileType = sourcecode.c.h; path = "ZnatokPDD-Prefix.pch"; sourceTree = "<group>"; };
		A522E606189521C70090AFA2 /* AppDelegate.h */ = {isa = PBXFileReference; lastKnownFileType = sourcecode.c.h; path = AppDelegate.h; sourceTree = "<group>"; };
		A522E607189521C70090AFA2 /* AppDelegate.m */ = {isa = PBXFileReference; lastKnownFileType = sourcecode.c.objc; path = AppDelegate.m; sourceTree = "<group>"; };
		A522E60A189521C70090AFA2 /* Base */ = {isa = PBXFileReference; lastKnownFileType = file.storyboard; name = Base; path = Base.lproj/Main.storyboard; sourceTree = "<group>"; };
		A522E60C189521C70090AFA2 /* ViewController.h */ = {isa = PBXFileReference; lastKnownFileType = sourcecode.c.h; path = ViewController.h; sourceTree = "<group>"; };
		A522E60D189521C70090AFA2 /* ViewController.m */ = {isa = PBXFileReference; lastKnownFileType = sourcecode.c.objc; path = ViewController.m; sourceTree = "<group>"; };
		A522E60F189521C70090AFA2 /* Images.xcassets */ = {isa = PBXFileReference; lastKnownFileType = folder.assetcatalog; path = Images.xcassets; sourceTree = "<group>"; };
		A522E615189521C70090AFA2 /* ZnatokPDDTests.xctest */ = {isa = PBXFileReference; explicitFileType = wrapper.cfbundle; includeInIndex = 0; path = ZnatokPDDTests.xctest; sourceTree = BUILT_PRODUCTS_DIR; };
		A522E616189521C70090AFA2 /* XCTest.framework */ = {isa = PBXFileReference; lastKnownFileType = wrapper.framework; name = XCTest.framework; path = Library/Frameworks/XCTest.framework; sourceTree = DEVELOPER_DIR; };
		A526410318DB1E7100AD31D6 /* ExamenViewController.h */ = {isa = PBXFileReference; fileEncoding = 4; lastKnownFileType = sourcecode.c.h; path = ExamenViewController.h; sourceTree = "<group>"; };
		A526410418DB1E7100AD31D6 /* ExamenViewController.m */ = {isa = PBXFileReference; fileEncoding = 4; lastKnownFileType = sourcecode.c.objc; path = ExamenViewController.m; sourceTree = "<group>"; };
		A526410618DB1F4100AD31D6 /* ExamenChildViewController.h */ = {isa = PBXFileReference; fileEncoding = 4; lastKnownFileType = sourcecode.c.h; path = ExamenChildViewController.h; sourceTree = "<group>"; };
		A526410718DB1F4100AD31D6 /* ExamenChildViewController.m */ = {isa = PBXFileReference; fileEncoding = 4; lastKnownFileType = sourcecode.c.objc; path = ExamenChildViewController.m; sourceTree = "<group>"; };
		A52EB7BE18EA0BB300E4E537 /* ResultViewController.h */ = {isa = PBXFileReference; fileEncoding = 4; lastKnownFileType = sourcecode.c.h; path = ResultViewController.h; sourceTree = "<group>"; };
		A52EB7BF18EA0BB300E4E537 /* ResultViewController.m */ = {isa = PBXFileReference; fileEncoding = 4; lastKnownFileType = sourcecode.c.objc; path = ResultViewController.m; sourceTree = "<group>"; };
		A52FF6F418F84FF4009660CA /* reload.png */ = {isa = PBXFileReference; lastKnownFileType = image.png; path = reload.png; sourceTree = "<group>"; };
		A52FF6F518F84FF4009660CA /* reload@2x.png */ = {isa = PBXFileReference; lastKnownFileType = image.png; path = "reload@2x.png"; sourceTree = "<group>"; };
		A5326A7818EC09F9006FF377 /* iRate.bundle */ = {isa = PBXFileReference; lastKnownFileType = "wrapper.plug-in"; path = iRate.bundle; sourceTree = "<group>"; };
		A5326A7918EC09F9006FF377 /* iRate.h */ = {isa = PBXFileReference; fileEncoding = 4; lastKnownFileType = sourcecode.c.h; path = iRate.h; sourceTree = "<group>"; };
		A5326A7A18EC09F9006FF377 /* iRate.m */ = {isa = PBXFileReference; fileEncoding = 4; lastKnownFileType = sourcecode.c.objc; path = iRate.m; sourceTree = "<group>"; };
		A53AB38618F6E2C500577C1D /* cars.png */ = {isa = PBXFileReference; lastKnownFileType = image.png; path = cars.png; sourceTree = "<group>"; };
		A53AB38718F6E2C500577C1D /* cars@2x.png */ = {isa = PBXFileReference; lastKnownFileType = image.png; path = "cars@2x.png"; sourceTree = "<group>"; };
		A53DC91418F73756009B1ED4 /* UIButtonBarAction.png */ = {isa = PBXFileReference; lastKnownFileType = image.png; path = UIButtonBarAction.png; sourceTree = "<group>"; };
		A53DC91518F73756009B1ED4 /* UIButtonBarAction@2x.png */ = {isa = PBXFileReference; lastKnownFileType = image.png; path = "UIButtonBarAction@2x.png"; sourceTree = "<group>"; };
		A53DC91818F73C68009B1ED4 /* logo_share.png */ = {isa = PBXFileReference; lastKnownFileType = image.png; path = logo_share.png; sourceTree = "<group>"; };
		A54F73F218D6402700EAB2A5 /* StyleSettings.plist */ = {isa = PBXFileReference; fileEncoding = 4; lastKnownFileType = text.plist.xml; path = StyleSettings.plist; sourceTree = "<group>"; };
		A5614FDF18F20EE700263A57 /* MBProgressHUD.h */ = {isa = PBXFileReference; fileEncoding = 4; lastKnownFileType = sourcecode.c.h; path = MBProgressHUD.h; sourceTree = "<group>"; };
		A5614FE018F20EE700263A57 /* MBProgressHUD.m */ = {isa = PBXFileReference; fileEncoding = 4; lastKnownFileType = sourcecode.c.objc; path = MBProgressHUD.m; sourceTree = "<group>"; };
		A563E893189C473D004320F0 /* RulesDetailViewController.h */ = {isa = PBXFileReference; fileEncoding = 4; lastKnownFileType = sourcecode.c.h; path = RulesDetailViewController.h; sourceTree = "<group>"; };
		A563E894189C473D004320F0 /* RulesDetailViewController.m */ = {isa = PBXFileReference; fileEncoding = 4; lastKnownFileType = sourcecode.c.objc; path = RulesDetailViewController.m; sourceTree = "<group>"; };
		A566180A18F5B7D500B2B95C /* bookmark.png */ = {isa = PBXFileReference; lastKnownFileType = image.png; path = bookmark.png; sourceTree = "<group>"; };
		A566180B18F5B7D500B2B95C /* bookmark@2x.png */ = {isa = PBXFileReference; lastKnownFileType = image.png; path = "bookmark@2x.png"; sourceTree = "<group>"; };
		A566180C18F5B7D500B2B95C /* examen.png */ = {isa = PBXFileReference; lastKnownFileType = image.png; path = examen.png; sourceTree = "<group>"; };
		A566180D18F5B7D500B2B95C /* examen@2x.png */ = {isa = PBXFileReference; lastKnownFileType = image.png; path = "examen@2x.png"; sourceTree = "<group>"; };
		A566180E18F5B7D500B2B95C /* literature.png */ = {isa = PBXFileReference; lastKnownFileType = image.png; path = literature.png; sourceTree = "<group>"; };
		A566180F18F5B7D500B2B95C /* literature@2x.png */ = {isa = PBXFileReference; lastKnownFileType = image.png; path = "literature@2x.png"; sourceTree = "<group>"; };
		A566181018F5B7D500B2B95C /* logo.png */ = {isa = PBXFileReference; lastKnownFileType = image.png; path = logo.png; sourceTree = "<group>"; };
		A566181118F5B7D500B2B95C /* logo@2x.png */ = {isa = PBXFileReference; lastKnownFileType = image.png; path = "logo@2x.png"; sourceTree = "<group>"; };
		A566181218F5B7D500B2B95C /* settings.png */ = {isa = PBXFileReference; lastKnownFileType = image.png; path = settings.png; sourceTree = "<group>"; };
		A566181318F5B7D500B2B95C /* settings@2x.png */ = {isa = PBXFileReference; lastKnownFileType = image.png; path = "settings@2x.png"; sourceTree = "<group>"; };
		A566181418F5B7D500B2B95C /* statistics.png */ = {isa = PBXFileReference; lastKnownFileType = image.png; path = statistics.png; sourceTree = "<group>"; };
		A566181518F5B7D500B2B95C /* statistics@2x.png */ = {isa = PBXFileReference; lastKnownFileType = image.png; path = "statistics@2x.png"; sourceTree = "<group>"; };
		A56A012518F0BF57000D38F9 /* MessageUI.framework */ = {isa = PBXFileReference; lastKnownFileType = wrapper.framework; name = MessageUI.framework; path = System/Library/Frameworks/MessageUI.framework; sourceTree = SDKROOT; };
		A56A012718F0C295000D38F9 /* Reachability.h */ = {isa = PBXFileReference; fileEncoding = 4; lastKnownFileType = sourcecode.c.h; path = Reachability.h; sourceTree = "<group>"; };
		A56A012818F0C295000D38F9 /* Reachability.m */ = {isa = PBXFileReference; fileEncoding = 4; lastKnownFileType = sourcecode.c.objc; path = Reachability.m; sourceTree = "<group>"; };
		A56B76F518D869DA00B1CDCF /* AudioToolbox.framework */ = {isa = PBXFileReference; lastKnownFileType = wrapper.framework; name = AudioToolbox.framework; path = System/Library/Frameworks/AudioToolbox.framework; sourceTree = SDKROOT; };
		A57AFA0018F5B9D9002560F1 /* bilet.png */ = {isa = PBXFileReference; lastKnownFileType = image.png; path = bilet.png; sourceTree = "<group>"; };
		A57AFA0118F5B9D9002560F1 /* bilet@2x.png */ = {isa = PBXFileReference; lastKnownFileType = image.png; path = "bilet@2x.png"; sourceTree = "<group>"; };
		A57B891018D3045500CB1E52 /* pdd.sqlite */ = {isa = PBXFileReference; lastKnownFileType = file; path = pdd.sqlite; sourceTree = "<group>"; };
		A583B82C18E8B83000E2B6BF /* UIButtonBarTrash@2x.png */ = {isa = PBXFileReference; lastKnownFileType = image.png; path = "UIButtonBarTrash@2x.png"; sourceTree = "<group>"; };
		A583B82E18E8B9C600E2B6BF /* UIButtonBarTrash.png */ = {isa = PBXFileReference; lastKnownFileType = image.png; path = UIButtonBarTrash.png; sourceTree = "<group>"; };
		A58CF97918F697F600AA2B2E /* clock.png */ = {isa = PBXFileReference; lastKnownFileType = image.png; path = clock.png; sourceTree = "<group>"; };
		A58CF97A18F697F600AA2B2E /* clock@2x.png */ = {isa = PBXFileReference; lastKnownFileType = image.png; path = "clock@2x.png"; sourceTree = "<group>"; };
		A58CF97F18F6A11C00AA2B2E /* good.png */ = {isa = PBXFileReference; lastKnownFileType = image.png; path = good.png; sourceTree = "<group>"; };
		A58CF98018F6A11C00AA2B2E /* good@2x.png */ = {isa = PBXFileReference; lastKnownFileType = image.png; path = "good@2x.png"; sourceTree = "<group>"; };
		A58CF98318F6A66900AA2B2E /* bad.png */ = {isa = PBXFileReference; lastKnownFileType = image.png; path = bad.png; sourceTree = "<group>"; };
		A58CF98418F6A66900AA2B2E /* bad@2x.png */ = {isa = PBXFileReference; lastKnownFileType = image.png; path = "bad@2x.png"; sourceTree = "<group>"; };
		A58EDA4218E0DF94003B9D42 /* UINavigationBarBackIndicatorDefault@2x.png */ = {isa = PBXFileReference; lastKnownFileType = image.png; path = "UINavigationBarBackIndicatorDefault@2x.png"; sourceTree = "<group>"; };
		A58EDA4418E0E089003B9D42 /* UINavigationBarBackIndicatorDefault.png */ = {isa = PBXFileReference; lastKnownFileType = image.png; path = UINavigationBarBackIndicatorDefault.png; sourceTree = "<group>"; };
		A591798018FACA6100B7CCB3 /* LinesDetailViewController.h */ = {isa = PBXFileReference; fileEncoding = 4; lastKnownFileType = sourcecode.c.h; name = LinesDetailViewController.h; path = znatokPDD/LinesDetailViewController.h; sourceTree = SOURCE_ROOT; };
		A591798118FACA6100B7CCB3 /* LinesDetailViewController.m */ = {isa = PBXFileReference; fileEncoding = 4; lastKnownFileType = sourcecode.c.objc; name = LinesDetailViewController.m; path = znatokPDD/LinesDetailViewController.m; sourceTree = SOURCE_ROOT; };
		A591798518FACA6A00B7CCB3 /* SignsDetailViewController.h */ = {isa = PBXFileReference; fileEncoding = 4; lastKnownFileType = sourcecode.c.h; name = SignsDetailViewController.h; path = znatokPDD/SignsDetailViewController.h; sourceTree = SOURCE_ROOT; };
		A591798618FACA6A00B7CCB3 /* SignsDetailViewController.m */ = {isa = PBXFileReference; fileEncoding = 4; lastKnownFileType = sourcecode.c.objc; name = SignsDetailViewController.m; path = znatokPDD/SignsDetailViewController.m; sourceTree = SOURCE_ROOT; };
		A591798818FACB4200B7CCB3 /* SignsListTableViewController.h */ = {isa = PBXFileReference; fileEncoding = 4; lastKnownFileType = sourcecode.c.h; name = SignsListTableViewController.h; path = znatokPDD/SignsListTableViewController.h; sourceTree = SOURCE_ROOT; };
		A591798918FACB4200B7CCB3 /* SignsListTableViewController.m */ = {isa = PBXFileReference; fileEncoding = 4; lastKnownFileType = sourcecode.c.objc; name = SignsListTableViewController.m; path = znatokPDD/SignsListTableViewController.m; sourceTree = SOURCE_ROOT; };
		A591798B18FACD3400B7CCB3 /* RulesAndSignsTableViewController.h */ = {isa = PBXFileReference; fileEncoding = 4; lastKnownFileType = sourcecode.c.h; name = RulesAndSignsTableViewController.h; path = znatokPDD/RulesAndSignsTableViewController.h; sourceTree = SOURCE_ROOT; };
		A591798C18FACD3400B7CCB3 /* RulesAndSignsTableViewController.m */ = {isa = PBXFileReference; fileEncoding = 4; lastKnownFileType = sourcecode.c.objc; name = RulesAndSignsTableViewController.m; path = znatokPDD/RulesAndSignsTableViewController.m; sourceTree = SOURCE_ROOT; };
		A592F26A18E759F6004D6996 /* ThemeViewController.h */ = {isa = PBXFileReference; fileEncoding = 4; lastKnownFileType = sourcecode.c.h; path = ThemeViewController.h; sourceTree = "<group>"; };
		A592F26B18E759F6004D6996 /* ThemeViewController.m */ = {isa = PBXFileReference; fileEncoding = 4; lastKnownFileType = sourcecode.c.objc; path = ThemeViewController.m; sourceTree = "<group>"; };
		A592F26D18E75A26004D6996 /* ThemeChildViewController.h */ = {isa = PBXFileReference; fileEncoding = 4; lastKnownFileType = sourcecode.c.h; path = ThemeChildViewController.h; sourceTree = "<group>"; };
		A592F26E18E75A26004D6996 /* ThemeChildViewController.m */ = {isa = PBXFileReference; fileEncoding = 4; lastKnownFileType = sourcecode.c.objc; path = ThemeChildViewController.m; sourceTree = "<group>"; };
		A59D6FB51896FFC400017711 /* SettingsViewController.h */ = {isa = PBXFileReference; fileEncoding = 4; lastKnownFileType = sourcecode.c.h; path = SettingsViewController.h; sourceTree = "<group>"; };
		A59D6FB61896FFC400017711 /* SettingsViewController.m */ = {isa = PBXFileReference; fileEncoding = 4; lastKnownFileType = sourcecode.c.objc; path = SettingsViewController.m; sourceTree = "<group>"; };
		A5A690C918984D7C001D5275 /* BiletListTableViewController.h */ = {isa = PBXFileReference; fileEncoding = 4; lastKnownFileType = sourcecode.c.h; path = BiletListTableViewController.h; sourceTree = "<group>"; };
		A5A690CA18984D7C001D5275 /* BiletListTableViewController.m */ = {isa = PBXFileReference; fileEncoding = 4; lastKnownFileType = sourcecode.c.objc; path = BiletListTableViewController.m; sourceTree = "<group>"; };
		A5A690D218985634001D5275 /* ThemeListTableViewController.h */ = {isa = PBXFileReference; fileEncoding = 4; lastKnownFileType = sourcecode.c.h; path = ThemeListTableViewController.h; sourceTree = "<group>"; };
		A5A690D318985634001D5275 /* ThemeListTableViewController.m */ = {isa = PBXFileReference; fileEncoding = 4; lastKnownFileType = sourcecode.c.objc; path = ThemeListTableViewController.m; sourceTree = "<group>"; };
		A5B04AB418BF80B1007B4D05 /* BiletChildViewController.h */ = {isa = PBXFileReference; fileEncoding = 4; lastKnownFileType = sourcecode.c.h; path = BiletChildViewController.h; sourceTree = "<group>"; };
		A5B04AB518BF80B1007B4D05 /* BiletChildViewController.m */ = {isa = PBXFileReference; fileEncoding = 4; lastKnownFileType = sourcecode.c.objc; path = BiletChildViewController.m; sourceTree = "<group>"; };
		A5B04AB618BF80B1007B4D05 /* BiletViewController.h */ = {isa = PBXFileReference; fileEncoding = 4; lastKnownFileType = sourcecode.c.h; path = BiletViewController.h; sourceTree = "<group>"; };
		A5B04AB718BF80B1007B4D05 /* BiletViewController.m */ = {isa = PBXFileReference; fileEncoding = 4; lastKnownFileType = sourcecode.c.objc; path = BiletViewController.m; sourceTree = "<group>"; };
		A5BA5F2D18F7EBF50005A5BF /* vk_share.png */ = {isa = PBXFileReference; lastKnownFileType = image.png; path = vk_share.png; sourceTree = "<group>"; };
		A5BA5F2E18F7EBF50005A5BF /* vk_share@2x.png */ = {isa = PBXFileReference; lastKnownFileType = image.png; path = "vk_share@2x.png"; sourceTree = "<group>"; };
		A5C18401189BEC6B00845C10 /* RulesListTableViewController.h */ = {isa = PBXFileReference; fileEncoding = 4; lastKnownFileType = sourcecode.c.h; path = RulesListTableViewController.h; sourceTree = "<group>"; };
		A5C18402189BEC6B00845C10 /* RulesListTableViewController.m */ = {isa = PBXFileReference; fileEncoding = 4; lastKnownFileType = sourcecode.c.objc; path = RulesListTableViewController.m; sourceTree = "<group>"; };
		A5CCDE5C18F0677F0052456F /* Social.framework */ = {isa = PBXFileReference; lastKnownFileType = wrapper.framework; name = Social.framework; path = System/Library/Frameworks/Social.framework; sourceTree = SDKROOT; };
		A5CDAD6218F5EF8A002FAE8A /* StoreKit.framework */ = {isa = PBXFileReference; lastKnownFileType = wrapper.framework; name = StoreKit.framework; path = System/Library/Frameworks/StoreKit.framework; sourceTree = SDKROOT; };
		A5D0FFC318FC122F00589B7A /* www */ = {isa = PBXFileReference; lastKnownFileType = folder; path = www; sourceTree = "<group>"; };
		A5D2BE3618F2075000248E7C /* VKontakteActivity.h */ = {isa = PBXFileReference; fileEncoding = 4; lastKnownFileType = sourcecode.c.h; name = VKontakteActivity.h; path = ../znatokPDD/VKontakteActivity.h; sourceTree = "<group>"; };
		A5D2BE3718F2075000248E7C /* VKontakteActivity.m */ = {isa = PBXFileReference; fileEncoding = 4; lastKnownFileType = sourcecode.c.objc; name = VKontakteActivity.m; path = ../znatokPDD/VKontakteActivity.m; sourceTree = "<group>"; };
		A5F53B3218F7F2FE00648441 /* crash.png */ = {isa = PBXFileReference; lastKnownFileType = image.png; path = crash.png; sourceTree = "<group>"; };
		A5F53B3318F7F2FE00648441 /* crash@2x.png */ = {isa = PBXFileReference; lastKnownFileType = image.png; path = "crash@2x.png"; sourceTree = "<group>"; };
/* End PBXFileReference section */

/* Begin PBXFrameworksBuildPhase section */
		A522E5F1189521C70090AFA2 /* Frameworks */ = {
			isa = PBXFrameworksBuildPhase;
			buildActionMask = 2147483647;
			files = (
				A56B76F618D869DA00B1CDCF /* AudioToolbox.framework in Frameworks */,
				A522E5FA189521C70090AFA2 /* CoreGraphics.framework in Frameworks */,
				A522E5F8189521C70090AFA2 /* Foundation.framework in Frameworks */,
				A56A012618F0BF57000D38F9 /* MessageUI.framework in Frameworks */,
				A5CCDE5D18F0677F0052456F /* Social.framework in Frameworks */,
				A5CDAD6318F5EF8A002FAE8A /* StoreKit.framework in Frameworks */,
				A522E5FC189521C70090AFA2 /* UIKit.framework in Frameworks */,
				A50EA7E1189DA2A200F4749D /* libsqlite3.dylib in Frameworks */,
				A508A05C18F2155E001CA259 /* libVKSdk.a in Frameworks */,
			);
			runOnlyForDeploymentPostprocessing = 0;
		};
		A522E612189521C70090AFA2 /* Frameworks */ = {
			isa = PBXFrameworksBuildPhase;
			buildActionMask = 2147483647;
			files = (
				A522E617189521C70090AFA2 /* XCTest.framework in Frameworks */,
				A522E619189521C70090AFA2 /* UIKit.framework in Frameworks */,
				A522E618189521C70090AFA2 /* Foundation.framework in Frameworks */,
			);
			runOnlyForDeploymentPostprocessing = 0;
		};
/* End PBXFrameworksBuildPhase section */

/* Begin PBXGroup section */
		A508A05418F21555001CA259 /* Products */ = {
			isa = PBXGroup;
			children = (
				A508A05918F21555001CA259 /* libVKSdk.a */,
				A508A05B18F21555001CA259 /* VKSdkResources.bundle */,
			);
			name = Products;
			sourceTree = "<group>";
		};
		A522E5EB189521C70090AFA2 = {
			isa = PBXGroup;
			children = (
				A522E5FD189521C70090AFA2 /* ZnatokPDD */,
				A522E5F6189521C70090AFA2 /* Frameworks */,
				A522E5F5189521C70090AFA2 /* Products */,
				A54F73F218D6402700EAB2A5 /* StyleSettings.plist */,
				A522E5FE189521C70090AFA2 /* Supporting Files */,
			);
			sourceTree = "<group>";
		};
		A522E5F5189521C70090AFA2 /* Products */ = {
			isa = PBXGroup;
			children = (
				A522E5F4189521C70090AFA2 /* ZnatokPDD.app */,
				A522E615189521C70090AFA2 /* ZnatokPDDTests.xctest */,
			);
			name = Products;
			sourceTree = "<group>";
		};
		A522E5F6189521C70090AFA2 /* Frameworks */ = {
			isa = PBXGroup;
			children = (
				A56B76F518D869DA00B1CDCF /* AudioToolbox.framework */,
				A522E5F9189521C70090AFA2 /* CoreGraphics.framework */,
				A522E5F7189521C70090AFA2 /* Foundation.framework */,
				A50EA7E0189DA2A200F4749D /* libsqlite3.dylib */,
				A56A012518F0BF57000D38F9 /* MessageUI.framework */,
				A5CCDE5C18F0677F0052456F /* Social.framework */,
				A5CDAD6218F5EF8A002FAE8A /* StoreKit.framework */,
				A522E5FB189521C70090AFA2 /* UIKit.framework */,
				A522E616189521C70090AFA2 /* XCTest.framework */,
			);
			name = Frameworks;
			sourceTree = "<group>";
		};
		A522E5FD189521C70090AFA2 /* ZnatokPDD */ = {
			isa = PBXGroup;
			children = (
				A5614FE218F20F6400263A57 /* 3rd party */,
				A522E606189521C70090AFA2 /* AppDelegate.h */,
				A522E607189521C70090AFA2 /* AppDelegate.m */,
				A5B04AB418BF80B1007B4D05 /* BiletChildViewController.h */,
				A5B04AB518BF80B1007B4D05 /* BiletChildViewController.m */,
				A5A690C918984D7C001D5275 /* BiletListTableViewController.h */,
				A5A690CA18984D7C001D5275 /* BiletListTableViewController.m */,
				A5B04AB618BF80B1007B4D05 /* BiletViewController.h */,
				A5B04AB718BF80B1007B4D05 /* BiletViewController.m */,
				A526410618DB1F4100AD31D6 /* ExamenChildViewController.h */,
				A526410718DB1F4100AD31D6 /* ExamenChildViewController.m */,
				A526410318DB1E7100AD31D6 /* ExamenViewController.h */,
				A526410418DB1E7100AD31D6 /* ExamenViewController.m */,
				A522E60F189521C70090AFA2 /* Images.xcassets */,
				A591798018FACA6100B7CCB3 /* LinesDetailViewController.h */,
				A591798118FACA6100B7CCB3 /* LinesDetailViewController.m */,
				A522E609189521C70090AFA2 /* Main.storyboard */,
				A52EB7BE18EA0BB300E4E537 /* ResultViewController.h */,
				A52EB7BF18EA0BB300E4E537 /* ResultViewController.m */,
				A591798B18FACD3400B7CCB3 /* RulesAndSignsTableViewController.h */,
				A591798C18FACD3400B7CCB3 /* RulesAndSignsTableViewController.m */,
				A563E893189C473D004320F0 /* RulesDetailViewController.h */,
				A563E894189C473D004320F0 /* RulesDetailViewController.m */,
				A5C18401189BEC6B00845C10 /* RulesListTableViewController.h */,
				A5C18402189BEC6B00845C10 /* RulesListTableViewController.m */,
				A59D6FB51896FFC400017711 /* SettingsViewController.h */,
				A59D6FB61896FFC400017711 /* SettingsViewController.m */,
				A591798518FACA6A00B7CCB3 /* SignsDetailViewController.h */,
				A591798618FACA6A00B7CCB3 /* SignsDetailViewController.m */,
				A591798818FACB4200B7CCB3 /* SignsListTableViewController.h */,
				A591798918FACB4200B7CCB3 /* SignsListTableViewController.m */,
				A51E8AAA18DE49D700BAC3E5 /* StatisticsChildViewController.h */,
				A51E8AAB18DE49D700BAC3E5 /* StatisticsChildViewController.m */,
				A51E8AA718DE428500BAC3E5 /* StatisticsViewController.h */,
				A51E8AA818DE428500BAC3E5 /* StatisticsViewController.m */,
				A592F26D18E75A26004D6996 /* ThemeChildViewController.h */,
				A592F26E18E75A26004D6996 /* ThemeChildViewController.m */,
				A5A690D218985634001D5275 /* ThemeListTableViewController.h */,
				A5A690D318985634001D5275 /* ThemeListTableViewController.m */,
				A592F26A18E759F6004D6996 /* ThemeViewController.h */,
				A592F26B18E759F6004D6996 /* ThemeViewController.m */,
				A522E60C189521C70090AFA2 /* ViewController.h */,
				A522E60D189521C70090AFA2 /* ViewController.m */,
			);
			path = ZnatokPDD;
			sourceTree = "<group>";
		};
		A522E5FE189521C70090AFA2 /* Supporting Files */ = {
			isa = PBXGroup;
			children = (
				A5D0FFC318FC122F00589B7A /* www */,
				A58CF98318F6A66900AA2B2E /* bad.png */,
				A58CF98418F6A66900AA2B2E /* bad@2x.png */,
				A57AFA0018F5B9D9002560F1 /* bilet.png */,
				A57AFA0118F5B9D9002560F1 /* bilet@2x.png */,
				A566180A18F5B7D500B2B95C /* bookmark.png */,
				A566180B18F5B7D500B2B95C /* bookmark@2x.png */,
				A53AB38618F6E2C500577C1D /* cars.png */,
				A53AB38718F6E2C500577C1D /* cars@2x.png */,
				A58CF97918F697F600AA2B2E /* clock.png */,
				A58CF97A18F697F600AA2B2E /* clock@2x.png */,
				A5F53B3218F7F2FE00648441 /* crash.png */,
				A5F53B3318F7F2FE00648441 /* crash@2x.png */,
				A566180C18F5B7D500B2B95C /* examen.png */,
				A566180D18F5B7D500B2B95C /* examen@2x.png */,
				A58CF97F18F6A11C00AA2B2E /* good.png */,
				A58CF98018F6A11C00AA2B2E /* good@2x.png */,
				A566180E18F5B7D500B2B95C /* literature.png */,
				A566180F18F5B7D500B2B95C /* literature@2x.png */,
				A566181018F5B7D500B2B95C /* logo.png */,
				A566181118F5B7D500B2B95C /* logo@2x.png */,
				A53DC91818F73C68009B1ED4 /* logo_share.png */,
				A522E603189521C70090AFA2 /* main.m */,
				A57B891018D3045500CB1E52 /* pdd.sqlite */,
				A52FF6F418F84FF4009660CA /* reload.png */,
				A52FF6F518F84FF4009660CA /* reload@2x.png */,
				A566181218F5B7D500B2B95C /* settings.png */,
				A566181318F5B7D500B2B95C /* settings@2x.png */,
				A566181418F5B7D500B2B95C /* statistics.png */,
				A566181518F5B7D500B2B95C /* statistics@2x.png */,
				A5199E0918F9F04000162C3A /* theme_complete.png */,
				A5199E0A18F9F04000162C3A /* theme_complete@2x.png */,
				A53DC91418F73756009B1ED4 /* UIButtonBarAction.png */,
				A53DC91518F73756009B1ED4 /* UIButtonBarAction@2x.png */,
				A583B82E18E8B9C600E2B6BF /* UIButtonBarTrash.png */,
				A583B82C18E8B83000E2B6BF /* UIButtonBarTrash@2x.png */,
				A58EDA4418E0E089003B9D42 /* UINavigationBarBackIndicatorDefault.png */,
				A58EDA4218E0DF94003B9D42 /* UINavigationBarBackIndicatorDefault@2x.png */,
				A5BA5F2D18F7EBF50005A5BF /* vk_share.png */,
				A5BA5F2E18F7EBF50005A5BF /* vk_share@2x.png */,
				A522E5FF189521C70090AFA2 /* ZnatokPDD-Info.plist */,
				A522E605189521C70090AFA2 /* ZnatokPDD-Prefix.pch */,
			);
			name = "Supporting Files";
			path = ZnatokPDD;
			sourceTree = "<group>";
		};
		A5614FE218F20F6400263A57 /* 3rd party */ = {
			isa = PBXGroup;
			children = (
				A5326A7818EC09F9006FF377 /* iRate.bundle */,
				A5326A7918EC09F9006FF377 /* iRate.h */,
				A5326A7A18EC09F9006FF377 /* iRate.m */,
				A5614FDF18F20EE700263A57 /* MBProgressHUD.h */,
				A5614FE018F20EE700263A57 /* MBProgressHUD.m */,
				A56A012718F0C295000D38F9 /* Reachability.h */,
				A56A012818F0C295000D38F9 /* Reachability.m */,
				A508A05318F21555001CA259 /* sdk.xcodeproj */,
				A5D2BE3618F2075000248E7C /* VKontakteActivity.h */,
				A5D2BE3718F2075000248E7C /* VKontakteActivity.m */,
			);
			name = "3rd party";
			sourceTree = "<group>";
		};
/* End PBXGroup section */

/* Begin PBXNativeTarget section */
		A522E5F3189521C70090AFA2 /* ZnatokPDD */ = {
			isa = PBXNativeTarget;
			buildConfigurationList = A522E626189521C70090AFA2 /* Build configuration list for PBXNativeTarget "ZnatokPDD" */;
			buildPhases = (
				A522E5F0189521C70090AFA2 /* Sources */,
				A522E5F1189521C70090AFA2 /* Frameworks */,
				A522E5F2189521C70090AFA2 /* Resources */,
				OBJCLEANCUSTOMRUNSCRIPTT /* Objective-Clean Run Script */,
			);
			buildRules = (
			);
			dependencies = (
			);
			name = ZnatokPDD;
			productName = ZnatokPDD;
			productReference = A522E5F4189521C70090AFA2 /* ZnatokPDD.app */;
			productType = "com.apple.product-type.application";
		};
		A522E614189521C70090AFA2 /* ZnatokPDDTests */ = {
			isa = PBXNativeTarget;
			buildConfigurationList = A522E629189521C70090AFA2 /* Build configuration list for PBXNativeTarget "ZnatokPDDTests" */;
			buildPhases = (
				A522E611189521C70090AFA2 /* Sources */,
				A522E612189521C70090AFA2 /* Frameworks */,
				A522E613189521C70090AFA2 /* Resources */,
			);
			buildRules = (
			);
			dependencies = (
				A522E61B189521C70090AFA2 /* PBXTargetDependency */,
			);
			name = ZnatokPDDTests;
			productName = ZnatokPDDTests;
			productReference = A522E615189521C70090AFA2 /* ZnatokPDDTests.xctest */;
			productType = "com.apple.product-type.bundle.unit-test";
		};
/* End PBXNativeTarget section */

/* Begin PBXProject section */
		A522E5EC189521C70090AFA2 /* Project object */ = {
			isa = PBXProject;
			attributes = {
				LastUpgradeCheck = 0510;
				ORGANIZATIONNAME = "Sergey Kiselev";
				TargetAttributes = {
					A522E5F3189521C70090AFA2 = {
						DevelopmentTeam = GT8KA4RMUZ;
						SystemCapabilities = {
							com.apple.InAppPurchase = {
								enabled = 0;
							};
						};
					};
					A522E614189521C70090AFA2 = {
						TestTargetID = A522E5F3189521C70090AFA2;
					};
				};
			};
			buildConfigurationList = A522E5EF189521C70090AFA2 /* Build configuration list for PBXProject "ZnatokPDD" */;
			compatibilityVersion = "Xcode 3.2";
			developmentRegion = English;
			hasScannedForEncodings = 0;
			knownRegions = (
				en,
				Base,
			);
			mainGroup = A522E5EB189521C70090AFA2;
			productRefGroup = A522E5F5189521C70090AFA2 /* Products */;
			projectDirPath = "";
			projectReferences = (
				{
					ProductGroup = A508A05418F21555001CA259 /* Products */;
					ProjectRef = A508A05318F21555001CA259 /* sdk.xcodeproj */;
				},
			);
			projectRoot = "";
			targets = (
				A522E5F3189521C70090AFA2 /* ZnatokPDD */,
				A522E614189521C70090AFA2 /* ZnatokPDDTests */,
			);
		};
/* End PBXProject section */

/* Begin PBXReferenceProxy section */
		A508A05918F21555001CA259 /* libVKSdk.a */ = {
			isa = PBXReferenceProxy;
			fileType = archive.ar;
			path = libVKSdk.a;
			remoteRef = A508A05818F21555001CA259 /* PBXContainerItemProxy */;
			sourceTree = BUILT_PRODUCTS_DIR;
		};
		A508A05B18F21555001CA259 /* VKSdkResources.bundle */ = {
			isa = PBXReferenceProxy;
			fileType = wrapper.cfbundle;
			path = VKSdkResources.bundle;
			remoteRef = A508A05A18F21555001CA259 /* PBXContainerItemProxy */;
			sourceTree = BUILT_PRODUCTS_DIR;
		};
/* End PBXReferenceProxy section */

/* Begin PBXResourcesBuildPhase section */
		A522E5F2189521C70090AFA2 /* Resources */ = {
			isa = PBXResourcesBuildPhase;
			buildActionMask = 2147483647;
			files = (
				A522E610189521C70090AFA2 /* Images.xcassets in Resources */,
				A58CF98118F6A11C00AA2B2E /* good.png in Resources */,
				A566181A18F5B7D500B2B95C /* literature.png in Resources */,
				A566181618F5B7D500B2B95C /* bookmark.png in Resources */,
				A58EDA4318E0DF94003B9D42 /* UINavigationBarBackIndicatorDefault@2x.png in Resources */,
				A58EDA4518E0E089003B9D42 /* UINavigationBarBackIndicatorDefault.png in Resources */,
				A5199E0B18F9F04000162C3A /* theme_complete.png in Resources */,
				A5F53B3418F7F2FE00648441 /* crash.png in Resources */,
				A58CF97B18F697F600AA2B2E /* clock.png in Resources */,
				A57B891118D3045500CB1E52 /* pdd.sqlite in Resources */,
				A566182118F5B7D500B2B95C /* statistics@2x.png in Resources */,
				A53AB38918F6E2C500577C1D /* cars@2x.png in Resources */,
				A5D0FFC418FC122F00589B7A /* www in Resources */,
				A566181E18F5B7D500B2B95C /* settings.png in Resources */,
				A58CF98518F6A66900AA2B2E /* bad.png in Resources */,
				A566181B18F5B7D500B2B95C /* literature@2x.png in Resources */,
				A522E60B189521C70090AFA2 /* Main.storyboard in Resources */,
				A566181C18F5B7D500B2B95C /* logo.png in Resources */,
				A566181D18F5B7D500B2B95C /* logo@2x.png in Resources */,
				A5F53B3518F7F2FE00648441 /* crash@2x.png in Resources */,
				A52FF6F718F84FF4009660CA /* reload@2x.png in Resources */,
				A566181818F5B7D500B2B95C /* examen.png in Resources */,
				A583B82D18E8B83000E2B6BF /* UIButtonBarTrash@2x.png in Resources */,
				A58CF98618F6A66900AA2B2E /* bad@2x.png in Resources */,
				A58CF97C18F697F600AA2B2E /* clock@2x.png in Resources */,
				A53DC91718F73756009B1ED4 /* UIButtonBarAction@2x.png in Resources */,
				A57AFA0218F5B9D9002560F1 /* bilet.png in Resources */,
				A5199E0C18F9F04000162C3A /* theme_complete@2x.png in Resources */,
				A5326A7B18EC09F9006FF377 /* iRate.bundle in Resources */,
				A5BA5F3118F7EBF50005A5BF /* vk_share.png in Resources */,
				A566181718F5B7D500B2B95C /* bookmark@2x.png in Resources */,
				A566181F18F5B7D500B2B95C /* settings@2x.png in Resources */,
				A58CF98218F6A11C00AA2B2E /* good@2x.png in Resources */,
				A53AB38818F6E2C500577C1D /* cars.png in Resources */,
				A566181918F5B7D500B2B95C /* examen@2x.png in Resources */,
				A566182018F5B7D500B2B95C /* statistics.png in Resources */,
				A52FF6F618F84FF4009660CA /* reload.png in Resources */,
				A53DC91618F73756009B1ED4 /* UIButtonBarAction.png in Resources */,
				A57AFA0318F5B9D9002560F1 /* bilet@2x.png in Resources */,
				A53DC91918F73C68009B1ED4 /* logo_share.png in Resources */,
				A583B82F18E8B9C600E2B6BF /* UIButtonBarTrash.png in Resources */,
				A54F73F318D6402700EAB2A5 /* StyleSettings.plist in Resources */,
				A5BA5F3218F7EBF50005A5BF /* vk_share@2x.png in Resources */,
			);
			runOnlyForDeploymentPostprocessing = 0;
		};
		A522E613189521C70090AFA2 /* Resources */ = {
			isa = PBXResourcesBuildPhase;
			buildActionMask = 2147483647;
			files = (
			);
			runOnlyForDeploymentPostprocessing = 0;
		};
/* End PBXResourcesBuildPhase section */

/* Begin PBXShellScriptBuildPhase section */
		OBJCLEANCUSTOMRUNSCRIPTT /* Objective-Clean Run Script */ = {
			isa = PBXShellScriptBuildPhase;
			buildActionMask = 2147483647;
			files = (
			);
			inputPaths = (
			);
			name = "Objective-Clean Run Script";
			outputPaths = (
			);
			runOnlyForDeploymentPostprocessing = 0;
			shellPath = /bin/bash;
			shellScript = "if [[ -z ${SKIP_OBJCLEAN} || ${SKIP_OBJCLEAN} != 1 ]]; then\nif [[ -d \"${LOCAL_APPS_DIR}/Objective-Clean.app\" ]]; then \n\"${LOCAL_APPS_DIR}\"/Objective-Clean.app/Contents/Resources/ObjClean.app/Contents/MacOS/ObjClean \"${SRCROOT}\"?-MB,-VK,-i,-Reachability \nelse\necho \"warning: You have to install and set up Objective-Clean to use its features!\" \nfi\nfi";
		};
/* End PBXShellScriptBuildPhase section */

/* Begin PBXSourcesBuildPhase section */
		A522E5F0189521C70090AFA2 /* Sources */ = {
			isa = PBXSourcesBuildPhase;
			buildActionMask = 2147483647;
			files = (
				A591798A18FACB4200B7CCB3 /* SignsListTableViewController.m in Sources */,
				A5A690CB18984D7C001D5275 /* BiletListTableViewController.m in Sources */,
				A591798218FACA6100B7CCB3 /* LinesDetailViewController.m in Sources */,
				A5C18403189BEC6B00845C10 /* RulesListTableViewController.m in Sources */,
				A592F26C18E759F6004D6996 /* ThemeViewController.m in Sources */,
				A563E895189C473D004320F0 /* RulesDetailViewController.m in Sources */,
				A51E8AA918DE428500BAC3E5 /* StatisticsViewController.m in Sources */,
				A522E60E189521C70090AFA2 /* ViewController.m in Sources */,
				A59D6FB71896FFC400017711 /* SettingsViewController.m in Sources */,
				A5D2BE3818F2075000248E7C /* VKontakteActivity.m in Sources */,
				A5326A7C18EC09F9006FF377 /* iRate.m in Sources */,
				A522E608189521C70090AFA2 /* AppDelegate.m in Sources */,
				A526410518DB1E7100AD31D6 /* ExamenViewController.m in Sources */,
				A56A012918F0C295000D38F9 /* Reachability.m in Sources */,
				A526410918DB1F4100AD31D6 /* ExamenChildViewController.m in Sources */,
				A5B04AB918BF80B1007B4D05 /* BiletViewController.m in Sources */,
				A591798D18FACD3400B7CCB3 /* RulesAndSignsTableViewController.m in Sources */,
				A592F26F18E75A26004D6996 /* ThemeChildViewController.m in Sources */,
				A5614FE118F20EE700263A57 /* MBProgressHUD.m in Sources */,
				A522E604189521C70090AFA2 /* main.m in Sources */,
				A5A690D418985634001D5275 /* ThemeListTableViewController.m in Sources */,
				A51E8AAD18DE49D700BAC3E5 /* StatisticsChildViewController.m in Sources */,
				A591798718FACA6A00B7CCB3 /* SignsDetailViewController.m in Sources */,
				A5B04AB818BF80B1007B4D05 /* BiletChildViewController.m in Sources */,
				A52EB7C018EA0BB300E4E537 /* ResultViewController.m in Sources */,
			);
			runOnlyForDeploymentPostprocessing = 0;
		};
		A522E611189521C70090AFA2 /* Sources */ = {
			isa = PBXSourcesBuildPhase;
			buildActionMask = 2147483647;
			files = (
			);
			runOnlyForDeploymentPostprocessing = 0;
		};
/* End PBXSourcesBuildPhase section */

/* Begin PBXTargetDependency section */
		A522E61B189521C70090AFA2 /* PBXTargetDependency */ = {
			isa = PBXTargetDependency;
			target = A522E5F3189521C70090AFA2 /* ZnatokPDD */;
			targetProxy = A522E61A189521C70090AFA2 /* PBXContainerItemProxy */;
		};
/* End PBXTargetDependency section */

/* Begin PBXVariantGroup section */
		A522E609189521C70090AFA2 /* Main.storyboard */ = {
			isa = PBXVariantGroup;
			children = (
				A522E60A189521C70090AFA2 /* Base */,
			);
			name = Main.storyboard;
			sourceTree = "<group>";
		};
/* End PBXVariantGroup section */

/* Begin XCBuildConfiguration section */
		A522E624189521C70090AFA2 /* Debug */ = {
			isa = XCBuildConfiguration;
			buildSettings = {
				ALWAYS_SEARCH_USER_PATHS = NO;
				CLANG_CXX_LANGUAGE_STANDARD = "gnu++0x";
				CLANG_CXX_LIBRARY = "libc++";
				CLANG_ENABLE_MODULES = YES;
				CLANG_ENABLE_OBJC_ARC = YES;
				CLANG_WARN_BOOL_CONVERSION = YES;
				CLANG_WARN_CONSTANT_CONVERSION = YES;
				CLANG_WARN_DIRECT_OBJC_ISA_USAGE = YES_ERROR;
				CLANG_WARN_EMPTY_BODY = YES;
				CLANG_WARN_ENUM_CONVERSION = YES;
				CLANG_WARN_INT_CONVERSION = YES;
				CLANG_WARN_OBJC_ROOT_CLASS = YES_ERROR;
				CLANG_WARN__DUPLICATE_METHOD_MATCH = YES;
				"CODE_SIGN_IDENTITY[sdk=iphoneos*]" = "iPhone Developer";
				COPY_PHASE_STRIP = NO;
				GCC_C_LANGUAGE_STANDARD = gnu99;
				GCC_DYNAMIC_NO_PIC = NO;
				GCC_OPTIMIZATION_LEVEL = 0;
				GCC_PREPROCESSOR_DEFINITIONS = (
					"DEBUG=1",
					"$(inherited)",
				);
				GCC_SYMBOLS_PRIVATE_EXTERN = NO;
				GCC_WARN_64_TO_32_BIT_CONVERSION = YES;
				GCC_WARN_ABOUT_RETURN_TYPE = YES_ERROR;
				GCC_WARN_UNDECLARED_SELECTOR = YES;
				GCC_WARN_UNINITIALIZED_AUTOS = YES_AGGRESSIVE;
				GCC_WARN_UNUSED_FUNCTION = YES;
				GCC_WARN_UNUSED_VARIABLE = YES;
				IPHONEOS_DEPLOYMENT_TARGET = 7.0;
				ONLY_ACTIVE_ARCH = YES;
				SDKROOT = iphoneos;
			};
			name = Debug;
		};
		A522E625189521C70090AFA2 /* Release */ = {
			isa = XCBuildConfiguration;
			buildSettings = {
				ALWAYS_SEARCH_USER_PATHS = NO;
				CLANG_CXX_LANGUAGE_STANDARD = "gnu++0x";
				CLANG_CXX_LIBRARY = "libc++";
				CLANG_ENABLE_MODULES = YES;
				CLANG_ENABLE_OBJC_ARC = YES;
				CLANG_WARN_BOOL_CONVERSION = YES;
				CLANG_WARN_CONSTANT_CONVERSION = YES;
				CLANG_WARN_DIRECT_OBJC_ISA_USAGE = YES_ERROR;
				CLANG_WARN_EMPTY_BODY = YES;
				CLANG_WARN_ENUM_CONVERSION = YES;
				CLANG_WARN_INT_CONVERSION = YES;
				CLANG_WARN_OBJC_ROOT_CLASS = YES_ERROR;
				CLANG_WARN__DUPLICATE_METHOD_MATCH = YES;
				"CODE_SIGN_IDENTITY[sdk=iphoneos*]" = "iPhone Developer";
				COPY_PHASE_STRIP = YES;
				ENABLE_NS_ASSERTIONS = NO;
				GCC_C_LANGUAGE_STANDARD = gnu99;
				GCC_WARN_64_TO_32_BIT_CONVERSION = YES;
				GCC_WARN_ABOUT_RETURN_TYPE = YES_ERROR;
				GCC_WARN_UNDECLARED_SELECTOR = YES;
				GCC_WARN_UNINITIALIZED_AUTOS = YES_AGGRESSIVE;
				GCC_WARN_UNUSED_FUNCTION = YES;
				GCC_WARN_UNUSED_VARIABLE = YES;
				IPHONEOS_DEPLOYMENT_TARGET = 7.0;
				SDKROOT = iphoneos;
				VALIDATE_PRODUCT = YES;
			};
			name = Release;
		};
		A522E627189521C70090AFA2 /* Debug */ = {
			isa = XCBuildConfiguration;
			buildSettings = {
				ASSETCATALOG_COMPILER_APPICON_NAME = AppIcon;
				ASSETCATALOG_COMPILER_LAUNCHIMAGE_NAME = LaunchImage;
				FRAMEWORK_SEARCH_PATHS = (
					"$(inherited)",
					"$(PROJECT_DIR)",
				);
				GCC_PRECOMPILE_PREFIX_HEADER = YES;
				GCC_PREFIX_HEADER = "ZnatokPDD/ZnatokPDD-Prefix.pch";
				HEADER_SEARCH_PATHS = (
					"$(inherited)",
					/Applications/Xcode.app/Contents/Developer/Toolchains/XcodeDefault.xctoolchain/usr/include,
				);
				INFOPLIST_FILE = "ZnatokPDD/ZnatokPDD-Info.plist";
				IPHONEOS_DEPLOYMENT_TARGET = 7.0;
				LIBRARY_SEARCH_PATHS = "$(inherited)";
				OTHER_LDFLAGS = "";
				PRODUCT_NAME = ZnatokPDD;
				USER_HEADER_SEARCH_PATHS = "../**";
				WRAPPER_EXTENSION = app;
			};
			name = Debug;
		};
		A522E628189521C70090AFA2 /* Release */ = {
			isa = XCBuildConfiguration;
			buildSettings = {
				ASSETCATALOG_COMPILER_APPICON_NAME = AppIcon;
				ASSETCATALOG_COMPILER_LAUNCHIMAGE_NAME = LaunchImage;
				FRAMEWORK_SEARCH_PATHS = (
					"$(inherited)",
					"$(PROJECT_DIR)",
				);
				GCC_PRECOMPILE_PREFIX_HEADER = YES;
				GCC_PREFIX_HEADER = "ZnatokPDD/ZnatokPDD-Prefix.pch";
				HEADER_SEARCH_PATHS = (
					"$(inherited)",
					/Applications/Xcode.app/Contents/Developer/Toolchains/XcodeDefault.xctoolchain/usr/include,
				);
				INFOPLIST_FILE = "ZnatokPDD/ZnatokPDD-Info.plist";
				IPHONEOS_DEPLOYMENT_TARGET = 7.0;
				LIBRARY_SEARCH_PATHS = "$(inherited)";
				OTHER_LDFLAGS = "";
				PRODUCT_NAME = ZnatokPDD;
				USER_HEADER_SEARCH_PATHS = "../**";
				WRAPPER_EXTENSION = app;
			};
			name = Release;
		};
		A522E62A189521C70090AFA2 /* Debug */ = {
			isa = XCBuildConfiguration;
			buildSettings = {
				BUNDLE_LOADER = "$(BUILT_PRODUCTS_DIR)/ZnatokPDD.app/ZnatokPDD";
				FRAMEWORK_SEARCH_PATHS = (
					"$(SDKROOT)/Developer/Library/Frameworks",
					"$(inherited)",
					"$(DEVELOPER_FRAMEWORKS_DIR)",
				);
				GCC_PRECOMPILE_PREFIX_HEADER = YES;
				GCC_PREFIX_HEADER = "ZnatokPDD/ZnatokPDD-Prefix.pch";
				GCC_PREPROCESSOR_DEFINITIONS = (
					"DEBUG=1",
					"$(inherited)",
				);
				INFOPLIST_FILE = "ZnatokPDDTests/ZnatokPDDTests-Info.plist";
				PRODUCT_NAME = ZnatokPDDTests;
				TEST_HOST = "$(BUNDLE_LOADER)";
				WRAPPER_EXTENSION = xctest;
			};
			name = Debug;
		};
		A522E62B189521C70090AFA2 /* Release */ = {
			isa = XCBuildConfiguration;
			buildSettings = {
				BUNDLE_LOADER = "$(BUILT_PRODUCTS_DIR)/ZnatokPDD.app/ZnatokPDD";
				FRAMEWORK_SEARCH_PATHS = (
					"$(SDKROOT)/Developer/Library/Frameworks",
					"$(inherited)",
					"$(DEVELOPER_FRAMEWORKS_DIR)",
				);
				GCC_PRECOMPILE_PREFIX_HEADER = YES;
				GCC_PREFIX_HEADER = "ZnatokPDD/ZnatokPDD-Prefix.pch";
				INFOPLIST_FILE = "ZnatokPDDTests/ZnatokPDDTests-Info.plist";
				PRODUCT_NAME = ZnatokPDDTests;
				TEST_HOST = "$(BUNDLE_LOADER)";
				WRAPPER_EXTENSION = xctest;
			};
			name = Release;
		};
/* End XCBuildConfiguration section */

/* Begin XCConfigurationList section */
		A522E5EF189521C70090AFA2 /* Build configuration list for PBXProject "ZnatokPDD" */ = {
			isa = XCConfigurationList;
			buildConfigurations = (
				A522E624189521C70090AFA2 /* Debug */,
				A522E625189521C70090AFA2 /* Release */,
			);
			defaultConfigurationIsVisible = 0;
			defaultConfigurationName = Release;
		};
		A522E626189521C70090AFA2 /* Build configuration list for PBXNativeTarget "ZnatokPDD" */ = {
			isa = XCConfigurationList;
			buildConfigurations = (
				A522E627189521C70090AFA2 /* Debug */,
				A522E628189521C70090AFA2 /* Release */,
			);
			defaultConfigurationIsVisible = 0;
			defaultConfigurationName = Release;
		};
		A522E629189521C70090AFA2 /* Build configuration list for PBXNativeTarget "ZnatokPDDTests" */ = {
			isa = XCConfigurationList;
			buildConfigurations = (
				A522E62A189521C70090AFA2 /* Debug */,
				A522E62B189521C70090AFA2 /* Release */,
			);
			defaultConfigurationIsVisible = 0;
			defaultConfigurationName = Release;
		};
/* End XCConfigurationList section */
	};
	rootObject = A522E5EC189521C70090AFA2 /* Project object */;
}
