<?xml version="1.0" encoding="UTF-8"?>
<!DOCTYPE plist PUBLIC "-//Apple//DTD PLIST 1.0//EN" "http://www.apple.com/DTDs/PropertyList-1.0.dtd">
<plist version="1.0">
<dict>
	<key>archiveVersion</key>
	<string>1</string>
	<key>classes</key>
	<dict/>
	<key>objectVersion</key>
	<string>46</string>
	<key>objects</key>
	<dict>
		<key>A508A05318F21555001CA259</key>
		<dict>
			<key>isa</key>
			<string>PBXFileReference</string>
			<key>lastKnownFileType</key>
			<string>wrapper.pb-project</string>
			<key>name</key>
			<string>sdk.xcodeproj</string>
			<key>path</key>
			<string>znatokPDD/VKAPI/sdk.xcodeproj</string>
			<key>sourceTree</key>
			<string>SOURCE_ROOT</string>
		</dict>
		<key>A508A05418F21555001CA259</key>
		<dict>
			<key>children</key>
			<array>
				<string>A508A05918F21555001CA259</string>
				<string>A508A05B18F21555001CA259</string>
			</array>
			<key>isa</key>
			<string>PBXGroup</string>
			<key>name</key>
			<string>Products</string>
			<key>sourceTree</key>
			<string>&lt;group&gt;</string>
		</dict>
		<key>A508A05818F21555001CA259</key>
		<dict>
			<key>containerPortal</key>
			<string>A508A05318F21555001CA259</string>
			<key>isa</key>
			<string>PBXContainerItemProxy</string>
			<key>proxyType</key>
			<string>2</string>
			<key>remoteGlobalIDString</key>
			<string>F3C7542D182133CC00964716</string>
			<key>remoteInfo</key>
			<string>VKSdk</string>
		</dict>
		<key>A508A05918F21555001CA259</key>
		<dict>
			<key>fileType</key>
			<string>archive.ar</string>
			<key>isa</key>
			<string>PBXReferenceProxy</string>
			<key>path</key>
			<string>libVKSdk.a</string>
			<key>remoteRef</key>
			<string>A508A05818F21555001CA259</string>
			<key>sourceTree</key>
			<string>BUILT_PRODUCTS_DIR</string>
		</dict>
		<key>A508A05A18F21555001CA259</key>
		<dict>
			<key>containerPortal</key>
			<string>A508A05318F21555001CA259</string>
			<key>isa</key>
			<string>PBXContainerItemProxy</string>
			<key>proxyType</key>
			<string>2</string>
			<key>remoteGlobalIDString</key>
			<string>F3BACC401865905B003158DA</string>
			<key>remoteInfo</key>
			<string>VKSdkResources</string>
		</dict>
		<key>A508A05B18F21555001CA259</key>
		<dict>
			<key>fileType</key>
			<string>wrapper.cfbundle</string>
			<key>isa</key>
			<string>PBXReferenceProxy</string>
			<key>path</key>
			<string>VKSdkResources.bundle</string>
			<key>remoteRef</key>
			<string>A508A05A18F21555001CA259</string>
			<key>sourceTree</key>
			<string>BUILT_PRODUCTS_DIR</string>
		</dict>
		<key>A508A05C18F2155E001CA259</key>
		<dict>
			<key>fileRef</key>
			<string>A508A05918F21555001CA259</string>
			<key>isa</key>
			<string>PBXBuildFile</string>
		</dict>
		<key>A50EA7E0189DA2A200F4749D</key>
		<dict>
			<key>isa</key>
			<string>PBXFileReference</string>
			<key>lastKnownFileType</key>
			<string>compiled.mach-o.dylib</string>
			<key>name</key>
			<string>libsqlite3.dylib</string>
			<key>path</key>
			<string>usr/lib/libsqlite3.dylib</string>
			<key>sourceTree</key>
			<string>SDKROOT</string>
		</dict>
		<key>A50EA7E1189DA2A200F4749D</key>
		<dict>
			<key>fileRef</key>
			<string>A50EA7E0189DA2A200F4749D</string>
			<key>isa</key>
			<string>PBXBuildFile</string>
		</dict>
		<key>A51E8AA718DE428500BAC3E5</key>
		<dict>
			<key>fileEncoding</key>
			<string>4</string>
			<key>isa</key>
			<string>PBXFileReference</string>
			<key>lastKnownFileType</key>
			<string>sourcecode.c.h</string>
			<key>path</key>
			<string>StatisticsViewController.h</string>
			<key>sourceTree</key>
			<string>&lt;group&gt;</string>
		</dict>
		<key>A51E8AA818DE428500BAC3E5</key>
		<dict>
			<key>fileEncoding</key>
			<string>4</string>
			<key>isa</key>
			<string>PBXFileReference</string>
			<key>lastKnownFileType</key>
			<string>sourcecode.c.objc</string>
			<key>path</key>
			<string>StatisticsViewController.m</string>
			<key>sourceTree</key>
			<string>&lt;group&gt;</string>
		</dict>
		<key>A51E8AA918DE428500BAC3E5</key>
		<dict>
			<key>fileRef</key>
			<string>A51E8AA818DE428500BAC3E5</string>
			<key>isa</key>
			<string>PBXBuildFile</string>
		</dict>
		<key>A51E8AAA18DE49D700BAC3E5</key>
		<dict>
			<key>fileEncoding</key>
			<string>4</string>
			<key>isa</key>
			<string>PBXFileReference</string>
			<key>lastKnownFileType</key>
			<string>sourcecode.c.h</string>
			<key>path</key>
			<string>StatisticsChildViewController.h</string>
			<key>sourceTree</key>
			<string>&lt;group&gt;</string>
		</dict>
		<key>A51E8AAB18DE49D700BAC3E5</key>
		<dict>
			<key>fileEncoding</key>
			<string>4</string>
			<key>isa</key>
			<string>PBXFileReference</string>
			<key>lastKnownFileType</key>
			<string>sourcecode.c.objc</string>
			<key>path</key>
			<string>StatisticsChildViewController.m</string>
			<key>sourceTree</key>
			<string>&lt;group&gt;</string>
		</dict>
		<key>A51E8AAD18DE49D700BAC3E5</key>
		<dict>
			<key>fileRef</key>
			<string>A51E8AAB18DE49D700BAC3E5</string>
			<key>isa</key>
			<string>PBXBuildFile</string>
		</dict>
		<key>A522E5EB189521C70090AFA2</key>
		<dict>
			<key>children</key>
			<array>
				<string>A522E5FD189521C70090AFA2</string>
				<string>A522E5F6189521C70090AFA2</string>
				<string>A522E5F5189521C70090AFA2</string>
				<string>A54F73F218D6402700EAB2A5</string>
				<string>A522E5FE189521C70090AFA2</string>
			</array>
			<key>isa</key>
			<string>PBXGroup</string>
			<key>sourceTree</key>
			<string>&lt;group&gt;</string>
		</dict>
		<key>A522E5EC189521C70090AFA2</key>
		<dict>
			<key>attributes</key>
			<dict>
				<key>LastUpgradeCheck</key>
				<string>0510</string>
				<key>ORGANIZATIONNAME</key>
				<string>Sergey Kiselev</string>
				<key>TargetAttributes</key>
				<dict>
					<key>A522E5F3189521C70090AFA2</key>
					<dict>
						<key>DevelopmentTeam</key>
						<string>GT8KA4RMUZ</string>
						<key>SystemCapabilities</key>
						<dict>
							<key>com.apple.InAppPurchase</key>
							<dict>
								<key>enabled</key>
								<string>0</string>
							</dict>
						</dict>
					</dict>
					<key>A522E614189521C70090AFA2</key>
					<dict>
						<key>TestTargetID</key>
						<string>A522E5F3189521C70090AFA2</string>
					</dict>
				</dict>
			</dict>
			<key>buildConfigurationList</key>
			<string>A522E5EF189521C70090AFA2</string>
			<key>compatibilityVersion</key>
			<string>Xcode 3.2</string>
			<key>developmentRegion</key>
			<string>English</string>
			<key>hasScannedForEncodings</key>
			<string>0</string>
			<key>isa</key>
			<string>PBXProject</string>
			<key>knownRegions</key>
			<array>
				<string>en</string>
				<string>Base</string>
			</array>
			<key>mainGroup</key>
			<string>A522E5EB189521C70090AFA2</string>
			<key>productRefGroup</key>
			<string>A522E5F5189521C70090AFA2</string>
			<key>projectDirPath</key>
			<string></string>
			<key>projectReferences</key>
			<array>
				<dict>
					<key>ProductGroup</key>
					<string>A508A05418F21555001CA259</string>
					<key>ProjectRef</key>
					<string>A508A05318F21555001CA259</string>
				</dict>
			</array>
			<key>projectRoot</key>
			<string></string>
			<key>targets</key>
			<array>
				<string>A522E5F3189521C70090AFA2</string>
				<string>A522E614189521C70090AFA2</string>
			</array>
		</dict>
		<key>A522E5EF189521C70090AFA2</key>
		<dict>
			<key>buildConfigurations</key>
			<array>
				<string>A522E624189521C70090AFA2</string>
				<string>A522E625189521C70090AFA2</string>
			</array>
			<key>defaultConfigurationIsVisible</key>
			<string>0</string>
			<key>defaultConfigurationName</key>
			<string>Release</string>
			<key>isa</key>
			<string>XCConfigurationList</string>
		</dict>
		<key>A522E5F0189521C70090AFA2</key>
		<dict>
			<key>buildActionMask</key>
			<string>2147483647</string>
			<key>files</key>
			<array>
				<string>A5A690CB18984D7C001D5275</string>
				<string>A5C18403189BEC6B00845C10</string>
				<string>A592F26C18E759F6004D6996</string>
				<string>A563E895189C473D004320F0</string>
				<string>A51E8AA918DE428500BAC3E5</string>
				<string>A522E60E189521C70090AFA2</string>
				<string>A59D6FB71896FFC400017711</string>
				<string>A5D2BE3818F2075000248E7C</string>
				<string>A5326A7C18EC09F9006FF377</string>
				<string>A522E608189521C70090AFA2</string>
				<string>A526410518DB1E7100AD31D6</string>
				<string>A56A012918F0C295000D38F9</string>
				<string>A526410918DB1F4100AD31D6</string>
				<string>A5B04AB918BF80B1007B4D05</string>
				<string>A592F26F18E75A26004D6996</string>
				<string>A5614FE118F20EE700263A57</string>
				<string>A522E604189521C70090AFA2</string>
				<string>A5A690D418985634001D5275</string>
				<string>A51E8AAD18DE49D700BAC3E5</string>
				<string>A5B04AB818BF80B1007B4D05</string>
				<string>A52EB7C018EA0BB300E4E537</string>
			</array>
			<key>isa</key>
			<string>PBXSourcesBuildPhase</string>
			<key>runOnlyForDeploymentPostprocessing</key>
			<string>0</string>
		</dict>
		<key>A522E5F1189521C70090AFA2</key>
		<dict>
			<key>buildActionMask</key>
			<string>2147483647</string>
			<key>files</key>
			<array>
				<string>A56B76F618D869DA00B1CDCF</string>
				<string>A522E5FA189521C70090AFA2</string>
				<string>A522E5F8189521C70090AFA2</string>
				<string>A56A012618F0BF57000D38F9</string>
				<string>A5CCDE5D18F0677F0052456F</string>
				<string>A5CDAD6318F5EF8A002FAE8A</string>
				<string>A522E5FC189521C70090AFA2</string>
				<string>A50EA7E1189DA2A200F4749D</string>
				<string>A508A05C18F2155E001CA259</string>
			</array>
			<key>isa</key>
			<string>PBXFrameworksBuildPhase</string>
			<key>runOnlyForDeploymentPostprocessing</key>
			<string>0</string>
		</dict>
		<key>A522E5F2189521C70090AFA2</key>
		<dict>
			<key>buildActionMask</key>
			<string>2147483647</string>
			<key>files</key>
			<array>
				<string>A522E610189521C70090AFA2</string>
				<string>A563E887189C41CE004320F0</string>
				<string>A58CF98118F6A11C00AA2B2E</string>
				<string>A563E881189C41CE004320F0</string>
				<string>A563E889189C41CE004320F0</string>
				<string>A566181A18F5B7D500B2B95C</string>
				<string>A563E880189C41CE004320F0</string>
				<string>A5CC12E0189DB5350011599C</string>
				<string>A566181618F5B7D500B2B95C</string>
				<string>A58EDA4318E0DF94003B9D42</string>
				<string>A58EDA4518E0E089003B9D42</string>
				<string>A563E88C189C41CE004320F0</string>
				<string>A5F53B3418F7F2FE00648441</string>
				<string>A58CF97B18F697F600AA2B2E</string>
				<string>A563E884189C41CE004320F0</string>
				<string>A563E88F189C41CE004320F0</string>
				<string>A563E87C189C41CE004320F0</string>
				<string>A563E87D189C41CE004320F0</string>
				<string>A57B891118D3045500CB1E52</string>
				<string>A563E882189C41CE004320F0</string>
				<string>A563E88A189C41CE004320F0</string>
				<string>A566182118F5B7D500B2B95C</string>
				<string>A563E879189C41CE004320F0</string>
				<string>A53AB38918F6E2C500577C1D</string>
				<string>A566181E18F5B7D500B2B95C</string>
				<string>A563E883189C41CE004320F0</string>
				<string>A58CF98518F6A66900AA2B2E</string>
				<string>A563E885189C41CE004320F0</string>
				<string>A566181B18F5B7D500B2B95C</string>
				<string>A522E60B189521C70090AFA2</string>
				<string>A566181C18F5B7D500B2B95C</string>
				<string>A566181D18F5B7D500B2B95C</string>
				<string>A5F53B3518F7F2FE00648441</string>
				<string>A52FF6F718F84FF4009660CA</string>
				<string>A563E88B189C41CE004320F0</string>
				<string>A563E888189C41CE004320F0</string>
				<string>A563E88E189C41CE004320F0</string>
				<string>A563E87B189C41CE004320F0</string>
				<string>A563E87E189C41CE004320F0</string>
				<string>A566181818F5B7D500B2B95C</string>
				<string>A583B82D18E8B83000E2B6BF</string>
				<string>A563E87F189C41CE004320F0</string>
				<string>A58CF98618F6A66900AA2B2E</string>
				<string>A58CF97C18F697F600AA2B2E</string>
				<string>A53DC91718F73756009B1ED4</string>
				<string>A57AFA0218F5B9D9002560F1</string>
				<string>A563E87A189C41CE004320F0</string>
				<string>A5326A7B18EC09F9006FF377</string>
				<string>A5BA5F3118F7EBF50005A5BF</string>
				<string>A566181718F5B7D500B2B95C</string>
				<string>A566181F18F5B7D500B2B95C</string>
				<string>A563E886189C41CE004320F0</string>
				<string>A58CF98218F6A11C00AA2B2E</string>
				<string>A53AB38818F6E2C500577C1D</string>
				<string>A566181918F5B7D500B2B95C</string>
				<string>A566182018F5B7D500B2B95C</string>
				<string>A52FF6F618F84FF4009660CA</string>
				<string>A53DC91618F73756009B1ED4</string>
				<string>A57AFA0318F5B9D9002560F1</string>
				<string>A53DC91918F73C68009B1ED4</string>
				<string>A583B82F18E8B9C600E2B6BF</string>
				<string>A563E88D189C41CE004320F0</string>
				<string>A54F73F318D6402700EAB2A5</string>
				<string>A5BA5F3218F7EBF50005A5BF</string>
			</array>
			<key>isa</key>
			<string>PBXResourcesBuildPhase</string>
			<key>runOnlyForDeploymentPostprocessing</key>
			<string>0</string>
		</dict>
		<key>A522E5F3189521C70090AFA2</key>
		<dict>
			<key>buildConfigurationList</key>
			<string>A522E626189521C70090AFA2</string>
			<key>buildPhases</key>
			<array>
				<string>A522E5F0189521C70090AFA2</string>
				<string>A522E5F1189521C70090AFA2</string>
				<string>A522E5F2189521C70090AFA2</string>
				<string>OBJCLEANCUSTOMRUNSCRIPTT</string>
			</array>
			<key>buildRules</key>
			<array/>
			<key>dependencies</key>
			<array/>
			<key>isa</key>
			<string>PBXNativeTarget</string>
			<key>name</key>
			<string>ZnatokPDD</string>
			<key>productName</key>
			<string>ZnatokPDD</string>
			<key>productReference</key>
			<string>A522E5F4189521C70090AFA2</string>
			<key>productType</key>
			<string>com.apple.product-type.application</string>
		</dict>
		<key>A522E5F4189521C70090AFA2</key>
		<dict>
			<key>explicitFileType</key>
			<string>wrapper.application</string>
			<key>includeInIndex</key>
			<string>0</string>
			<key>isa</key>
			<string>PBXFileReference</string>
			<key>path</key>
			<string>ZnatokPDD.app</string>
			<key>sourceTree</key>
			<string>BUILT_PRODUCTS_DIR</string>
		</dict>
		<key>A522E5F5189521C70090AFA2</key>
		<dict>
			<key>children</key>
			<array>
				<string>A522E5F4189521C70090AFA2</string>
				<string>A522E615189521C70090AFA2</string>
			</array>
			<key>isa</key>
			<string>PBXGroup</string>
			<key>name</key>
			<string>Products</string>
			<key>sourceTree</key>
			<string>&lt;group&gt;</string>
		</dict>
		<key>A522E5F6189521C70090AFA2</key>
		<dict>
			<key>children</key>
			<array>
				<string>A5CDAD6218F5EF8A002FAE8A</string>
				<string>A56B76F518D869DA00B1CDCF</string>
				<string>A522E5F9189521C70090AFA2</string>
				<string>A522E5F7189521C70090AFA2</string>
				<string>A50EA7E0189DA2A200F4749D</string>
				<string>A56A012518F0BF57000D38F9</string>
				<string>A5CCDE5C18F0677F0052456F</string>
				<string>A522E5FB189521C70090AFA2</string>
				<string>A522E616189521C70090AFA2</string>
			</array>
			<key>isa</key>
			<string>PBXGroup</string>
			<key>name</key>
			<string>Frameworks</string>
			<key>sourceTree</key>
			<string>&lt;group&gt;</string>
		</dict>
		<key>A522E5F7189521C70090AFA2</key>
		<dict>
			<key>isa</key>
			<string>PBXFileReference</string>
			<key>lastKnownFileType</key>
			<string>wrapper.framework</string>
			<key>name</key>
			<string>Foundation.framework</string>
			<key>path</key>
			<string>System/Library/Frameworks/Foundation.framework</string>
			<key>sourceTree</key>
			<string>SDKROOT</string>
		</dict>
		<key>A522E5F8189521C70090AFA2</key>
		<dict>
			<key>fileRef</key>
			<string>A522E5F7189521C70090AFA2</string>
			<key>isa</key>
			<string>PBXBuildFile</string>
		</dict>
		<key>A522E5F9189521C70090AFA2</key>
		<dict>
			<key>isa</key>
			<string>PBXFileReference</string>
			<key>lastKnownFileType</key>
			<string>wrapper.framework</string>
			<key>name</key>
			<string>CoreGraphics.framework</string>
			<key>path</key>
			<string>System/Library/Frameworks/CoreGraphics.framework</string>
			<key>sourceTree</key>
			<string>SDKROOT</string>
		</dict>
		<key>A522E5FA189521C70090AFA2</key>
		<dict>
			<key>fileRef</key>
			<string>A522E5F9189521C70090AFA2</string>
			<key>isa</key>
			<string>PBXBuildFile</string>
		</dict>
		<key>A522E5FB189521C70090AFA2</key>
		<dict>
			<key>isa</key>
			<string>PBXFileReference</string>
			<key>lastKnownFileType</key>
			<string>wrapper.framework</string>
			<key>name</key>
			<string>UIKit.framework</string>
			<key>path</key>
			<string>System/Library/Frameworks/UIKit.framework</string>
			<key>sourceTree</key>
			<string>SDKROOT</string>
		</dict>
		<key>A522E5FC189521C70090AFA2</key>
		<dict>
			<key>fileRef</key>
			<string>A522E5FB189521C70090AFA2</string>
			<key>isa</key>
			<string>PBXBuildFile</string>
		</dict>
		<key>A522E5FD189521C70090AFA2</key>
		<dict>
			<key>children</key>
			<array>
				<string>A5614FE218F20F6400263A57</string>
				<string>A522E606189521C70090AFA2</string>
				<string>A522E607189521C70090AFA2</string>
				<string>A5B04AB418BF80B1007B4D05</string>
				<string>A5B04AB518BF80B1007B4D05</string>
				<string>A5A690C918984D7C001D5275</string>
				<string>A5A690CA18984D7C001D5275</string>
				<string>A5B04AB618BF80B1007B4D05</string>
				<string>A5B04AB718BF80B1007B4D05</string>
				<string>A526410618DB1F4100AD31D6</string>
				<string>A526410718DB1F4100AD31D6</string>
				<string>A526410318DB1E7100AD31D6</string>
				<string>A526410418DB1E7100AD31D6</string>
				<string>A522E60F189521C70090AFA2</string>
				<string>A522E609189521C70090AFA2</string>
				<string>A52EB7BE18EA0BB300E4E537</string>
				<string>A52EB7BF18EA0BB300E4E537</string>
				<string>A563E893189C473D004320F0</string>
				<string>A563E894189C473D004320F0</string>
				<string>A5C18401189BEC6B00845C10</string>
				<string>A5C18402189BEC6B00845C10</string>
				<string>A59D6FB51896FFC400017711</string>
				<string>A59D6FB61896FFC400017711</string>
				<string>A51E8AAA18DE49D700BAC3E5</string>
				<string>A51E8AAB18DE49D700BAC3E5</string>
				<string>A51E8AA718DE428500BAC3E5</string>
				<string>A51E8AA818DE428500BAC3E5</string>
				<string>A592F26D18E75A26004D6996</string>
				<string>A592F26E18E75A26004D6996</string>
				<string>A5A690D218985634001D5275</string>
				<string>A5A690D318985634001D5275</string>
				<string>A592F26A18E759F6004D6996</string>
				<string>A592F26B18E759F6004D6996</string>
				<string>A522E60C189521C70090AFA2</string>
				<string>A522E60D189521C70090AFA2</string>
			</array>
			<key>isa</key>
			<string>PBXGroup</string>
			<key>path</key>
			<string>ZnatokPDD</string>
			<key>sourceTree</key>
			<string>&lt;group&gt;</string>
		</dict>
		<key>A522E5FE189521C70090AFA2</key>
		<dict>
			<key>children</key>
			<array>
				<string>A52FF6F418F84FF4009660CA</string>
				<string>A52FF6F518F84FF4009660CA</string>
				<string>A58CF98318F6A66900AA2B2E</string>
				<string>A58CF98418F6A66900AA2B2E</string>
				<string>A57AFA0018F5B9D9002560F1</string>
				<string>A57AFA0118F5B9D9002560F1</string>
				<string>A566180A18F5B7D500B2B95C</string>
				<string>A566180B18F5B7D500B2B95C</string>
				<string>A53AB38618F6E2C500577C1D</string>
				<string>A53AB38718F6E2C500577C1D</string>
				<string>A58CF97918F697F600AA2B2E</string>
				<string>A58CF97A18F697F600AA2B2E</string>
				<string>A5F53B3218F7F2FE00648441</string>
				<string>A5F53B3318F7F2FE00648441</string>
				<string>A566180C18F5B7D500B2B95C</string>
				<string>A566180D18F5B7D500B2B95C</string>
				<string>A58CF97F18F6A11C00AA2B2E</string>
				<string>A58CF98018F6A11C00AA2B2E</string>
				<string>A566180E18F5B7D500B2B95C</string>
				<string>A566180F18F5B7D500B2B95C</string>
				<string>A566181018F5B7D500B2B95C</string>
				<string>A566181118F5B7D500B2B95C</string>
				<string>A53DC91818F73C68009B1ED4</string>
				<string>A522E603189521C70090AFA2</string>
				<string>A57B891018D3045500CB1E52</string>
				<string>A5CC12DF189DB5350011599C</string>
				<string>A563E869189C41CE004320F0</string>
				<string>A563E86A189C41CE004320F0</string>
				<string>A563E86B189C41CE004320F0</string>
				<string>A563E86C189C41CE004320F0</string>
				<string>A563E86D189C41CE004320F0</string>
				<string>A563E86E189C41CE004320F0</string>
				<string>A563E86F189C41CE004320F0</string>
				<string>A563E870189C41CE004320F0</string>
				<string>A563E871189C41CE004320F0</string>
				<string>A563E872189C41CE004320F0</string>
				<string>A563E861189C41CE004320F0</string>
				<string>A563E873189C41CE004320F0</string>
				<string>A563E874189C41CE004320F0</string>
				<string>A563E875189C41CE004320F0</string>
				<string>A563E876189C41CE004320F0</string>
				<string>A563E877189C41CE004320F0</string>
				<string>A563E862189C41CE004320F0</string>
				<string>A563E863189C41CE004320F0</string>
				<string>A563E864189C41CE004320F0</string>
				<string>A563E865189C41CE004320F0</string>
				<string>A563E866189C41CE004320F0</string>
				<string>A563E867189C41CE004320F0</string>
				<string>A563E868189C41CE004320F0</string>
				<string>A566181218F5B7D500B2B95C</string>
				<string>A566181318F5B7D500B2B95C</string>
				<string>A566181418F5B7D500B2B95C</string>
				<string>A566181518F5B7D500B2B95C</string>
				<string>A53DC91418F73756009B1ED4</string>
				<string>A53DC91518F73756009B1ED4</string>
				<string>A583B82E18E8B9C600E2B6BF</string>
				<string>A583B82C18E8B83000E2B6BF</string>
				<string>A58EDA4418E0E089003B9D42</string>
				<string>A58EDA4218E0DF94003B9D42</string>
				<string>A5BA5F2D18F7EBF50005A5BF</string>
				<string>A5BA5F2E18F7EBF50005A5BF</string>
				<string>A522E5FF189521C70090AFA2</string>
				<string>A522E605189521C70090AFA2</string>
			</array>
			<key>isa</key>
			<string>PBXGroup</string>
			<key>name</key>
			<string>Supporting Files</string>
			<key>path</key>
			<string>ZnatokPDD</string>
			<key>sourceTree</key>
			<string>&lt;group&gt;</string>
		</dict>
		<key>A522E5FF189521C70090AFA2</key>
		<dict>
			<key>isa</key>
			<string>PBXFileReference</string>
			<key>lastKnownFileType</key>
			<string>text.plist.xml</string>
			<key>path</key>
			<string>ZnatokPDD-Info.plist</string>
			<key>sourceTree</key>
			<string>&lt;group&gt;</string>
		</dict>
		<key>A522E603189521C70090AFA2</key>
		<dict>
			<key>isa</key>
			<string>PBXFileReference</string>
			<key>lastKnownFileType</key>
			<string>sourcecode.c.objc</string>
			<key>path</key>
			<string>main.m</string>
			<key>sourceTree</key>
			<string>&lt;group&gt;</string>
		</dict>
		<key>A522E604189521C70090AFA2</key>
		<dict>
			<key>fileRef</key>
			<string>A522E603189521C70090AFA2</string>
			<key>isa</key>
			<string>PBXBuildFile</string>
		</dict>
		<key>A522E605189521C70090AFA2</key>
		<dict>
			<key>isa</key>
			<string>PBXFileReference</string>
			<key>lastKnownFileType</key>
			<string>sourcecode.c.h</string>
			<key>path</key>
			<string>ZnatokPDD-Prefix.pch</string>
			<key>sourceTree</key>
			<string>&lt;group&gt;</string>
		</dict>
		<key>A522E606189521C70090AFA2</key>
		<dict>
			<key>isa</key>
			<string>PBXFileReference</string>
			<key>lastKnownFileType</key>
			<string>sourcecode.c.h</string>
			<key>path</key>
			<string>AppDelegate.h</string>
			<key>sourceTree</key>
			<string>&lt;group&gt;</string>
		</dict>
		<key>A522E607189521C70090AFA2</key>
		<dict>
			<key>isa</key>
			<string>PBXFileReference</string>
			<key>lastKnownFileType</key>
			<string>sourcecode.c.objc</string>
			<key>path</key>
			<string>AppDelegate.m</string>
			<key>sourceTree</key>
			<string>&lt;group&gt;</string>
		</dict>
		<key>A522E608189521C70090AFA2</key>
		<dict>
			<key>fileRef</key>
			<string>A522E607189521C70090AFA2</string>
			<key>isa</key>
			<string>PBXBuildFile</string>
		</dict>
		<key>A522E609189521C70090AFA2</key>
		<dict>
			<key>children</key>
			<array>
				<string>A522E60A189521C70090AFA2</string>
			</array>
			<key>isa</key>
			<string>PBXVariantGroup</string>
			<key>name</key>
			<string>Main.storyboard</string>
			<key>sourceTree</key>
			<string>&lt;group&gt;</string>
		</dict>
		<key>A522E60A189521C70090AFA2</key>
		<dict>
			<key>isa</key>
			<string>PBXFileReference</string>
			<key>lastKnownFileType</key>
			<string>file.storyboard</string>
			<key>name</key>
			<string>Base</string>
			<key>path</key>
			<string>Base.lproj/Main.storyboard</string>
			<key>sourceTree</key>
			<string>&lt;group&gt;</string>
		</dict>
		<key>A522E60B189521C70090AFA2</key>
		<dict>
			<key>fileRef</key>
			<string>A522E609189521C70090AFA2</string>
			<key>isa</key>
			<string>PBXBuildFile</string>
		</dict>
		<key>A522E60C189521C70090AFA2</key>
		<dict>
			<key>isa</key>
			<string>PBXFileReference</string>
			<key>lastKnownFileType</key>
			<string>sourcecode.c.h</string>
			<key>path</key>
			<string>ViewController.h</string>
			<key>sourceTree</key>
			<string>&lt;group&gt;</string>
		</dict>
		<key>A522E60D189521C70090AFA2</key>
		<dict>
			<key>isa</key>
			<string>PBXFileReference</string>
			<key>lastKnownFileType</key>
			<string>sourcecode.c.objc</string>
			<key>path</key>
			<string>ViewController.m</string>
			<key>sourceTree</key>
			<string>&lt;group&gt;</string>
		</dict>
		<key>A522E60E189521C70090AFA2</key>
		<dict>
			<key>fileRef</key>
			<string>A522E60D189521C70090AFA2</string>
			<key>isa</key>
			<string>PBXBuildFile</string>
		</dict>
		<key>A522E60F189521C70090AFA2</key>
		<dict>
			<key>isa</key>
			<string>PBXFileReference</string>
			<key>lastKnownFileType</key>
			<string>folder.assetcatalog</string>
			<key>path</key>
			<string>Images.xcassets</string>
			<key>sourceTree</key>
			<string>&lt;group&gt;</string>
		</dict>
		<key>A522E610189521C70090AFA2</key>
		<dict>
			<key>fileRef</key>
			<string>A522E60F189521C70090AFA2</string>
			<key>isa</key>
			<string>PBXBuildFile</string>
		</dict>
		<key>A522E611189521C70090AFA2</key>
		<dict>
			<key>buildActionMask</key>
			<string>2147483647</string>
			<key>files</key>
			<array/>
			<key>isa</key>
			<string>PBXSourcesBuildPhase</string>
			<key>runOnlyForDeploymentPostprocessing</key>
			<string>0</string>
		</dict>
		<key>A522E612189521C70090AFA2</key>
		<dict>
			<key>buildActionMask</key>
			<string>2147483647</string>
			<key>files</key>
			<array>
				<string>A522E617189521C70090AFA2</string>
				<string>A522E619189521C70090AFA2</string>
				<string>A522E618189521C70090AFA2</string>
			</array>
			<key>isa</key>
			<string>PBXFrameworksBuildPhase</string>
			<key>runOnlyForDeploymentPostprocessing</key>
			<string>0</string>
		</dict>
		<key>A522E613189521C70090AFA2</key>
		<dict>
			<key>buildActionMask</key>
			<string>2147483647</string>
			<key>files</key>
			<array/>
			<key>isa</key>
			<string>PBXResourcesBuildPhase</string>
			<key>runOnlyForDeploymentPostprocessing</key>
			<string>0</string>
		</dict>
		<key>A522E614189521C70090AFA2</key>
		<dict>
			<key>buildConfigurationList</key>
			<string>A522E629189521C70090AFA2</string>
			<key>buildPhases</key>
			<array>
				<string>A522E611189521C70090AFA2</string>
				<string>A522E612189521C70090AFA2</string>
				<string>A522E613189521C70090AFA2</string>
			</array>
			<key>buildRules</key>
			<array/>
			<key>dependencies</key>
			<array>
				<string>A522E61B189521C70090AFA2</string>
			</array>
			<key>isa</key>
			<string>PBXNativeTarget</string>
			<key>name</key>
			<string>ZnatokPDDTests</string>
			<key>productName</key>
			<string>ZnatokPDDTests</string>
			<key>productReference</key>
			<string>A522E615189521C70090AFA2</string>
			<key>productType</key>
			<string>com.apple.product-type.bundle.unit-test</string>
		</dict>
		<key>A522E615189521C70090AFA2</key>
		<dict>
			<key>explicitFileType</key>
			<string>wrapper.cfbundle</string>
			<key>includeInIndex</key>
			<string>0</string>
			<key>isa</key>
			<string>PBXFileReference</string>
			<key>path</key>
			<string>ZnatokPDDTests.xctest</string>
			<key>sourceTree</key>
			<string>BUILT_PRODUCTS_DIR</string>
		</dict>
		<key>A522E616189521C70090AFA2</key>
		<dict>
			<key>isa</key>
			<string>PBXFileReference</string>
			<key>lastKnownFileType</key>
			<string>wrapper.framework</string>
			<key>name</key>
			<string>XCTest.framework</string>
			<key>path</key>
			<string>Library/Frameworks/XCTest.framework</string>
			<key>sourceTree</key>
			<string>DEVELOPER_DIR</string>
		</dict>
		<key>A522E617189521C70090AFA2</key>
		<dict>
			<key>fileRef</key>
			<string>A522E616189521C70090AFA2</string>
			<key>isa</key>
			<string>PBXBuildFile</string>
		</dict>
		<key>A522E618189521C70090AFA2</key>
		<dict>
			<key>fileRef</key>
			<string>A522E5F7189521C70090AFA2</string>
			<key>isa</key>
			<string>PBXBuildFile</string>
		</dict>
		<key>A522E619189521C70090AFA2</key>
		<dict>
			<key>fileRef</key>
			<string>A522E5FB189521C70090AFA2</string>
			<key>isa</key>
			<string>PBXBuildFile</string>
		</dict>
		<key>A522E61A189521C70090AFA2</key>
		<dict>
			<key>containerPortal</key>
			<string>A522E5EC189521C70090AFA2</string>
			<key>isa</key>
			<string>PBXContainerItemProxy</string>
			<key>proxyType</key>
			<string>1</string>
			<key>remoteGlobalIDString</key>
			<string>A522E5F3189521C70090AFA2</string>
			<key>remoteInfo</key>
			<string>ZnatokPDD</string>
		</dict>
		<key>A522E61B189521C70090AFA2</key>
		<dict>
			<key>isa</key>
			<string>PBXTargetDependency</string>
			<key>target</key>
			<string>A522E5F3189521C70090AFA2</string>
			<key>targetProxy</key>
			<string>A522E61A189521C70090AFA2</string>
		</dict>
		<key>A522E624189521C70090AFA2</key>
		<dict>
			<key>buildSettings</key>
			<dict>
				<key>ALWAYS_SEARCH_USER_PATHS</key>
				<string>NO</string>
				<key>CLANG_CXX_LANGUAGE_STANDARD</key>
				<string>gnu++0x</string>
				<key>CLANG_CXX_LIBRARY</key>
				<string>libc++</string>
				<key>CLANG_ENABLE_MODULES</key>
				<string>YES</string>
				<key>CLANG_ENABLE_OBJC_ARC</key>
				<string>YES</string>
				<key>CLANG_WARN_BOOL_CONVERSION</key>
				<string>YES</string>
				<key>CLANG_WARN_CONSTANT_CONVERSION</key>
				<string>YES</string>
				<key>CLANG_WARN_DIRECT_OBJC_ISA_USAGE</key>
				<string>YES_ERROR</string>
				<key>CLANG_WARN_EMPTY_BODY</key>
				<string>YES</string>
				<key>CLANG_WARN_ENUM_CONVERSION</key>
				<string>YES</string>
				<key>CLANG_WARN_INT_CONVERSION</key>
				<string>YES</string>
				<key>CLANG_WARN_OBJC_ROOT_CLASS</key>
				<string>YES_ERROR</string>
				<key>CLANG_WARN__DUPLICATE_METHOD_MATCH</key>
				<string>YES</string>
				<key>CODE_SIGN_IDENTITY[sdk=iphoneos*]</key>
				<string>iPhone Developer</string>
				<key>COPY_PHASE_STRIP</key>
				<string>NO</string>
				<key>GCC_C_LANGUAGE_STANDARD</key>
				<string>gnu99</string>
				<key>GCC_DYNAMIC_NO_PIC</key>
				<string>NO</string>
				<key>GCC_OPTIMIZATION_LEVEL</key>
				<string>0</string>
				<key>GCC_PREPROCESSOR_DEFINITIONS</key>
				<array>
					<string>DEBUG=1</string>
					<string>$(inherited)</string>
				</array>
				<key>GCC_SYMBOLS_PRIVATE_EXTERN</key>
				<string>NO</string>
				<key>GCC_WARN_64_TO_32_BIT_CONVERSION</key>
				<string>YES</string>
				<key>GCC_WARN_ABOUT_RETURN_TYPE</key>
				<string>YES_ERROR</string>
				<key>GCC_WARN_UNDECLARED_SELECTOR</key>
				<string>YES</string>
				<key>GCC_WARN_UNINITIALIZED_AUTOS</key>
				<string>YES_AGGRESSIVE</string>
				<key>GCC_WARN_UNUSED_FUNCTION</key>
				<string>YES</string>
				<key>GCC_WARN_UNUSED_VARIABLE</key>
				<string>YES</string>
				<key>IPHONEOS_DEPLOYMENT_TARGET</key>
				<string>7.1</string>
				<key>ONLY_ACTIVE_ARCH</key>
				<string>YES</string>
				<key>SDKROOT</key>
				<string>iphoneos</string>
			</dict>
			<key>isa</key>
			<string>XCBuildConfiguration</string>
			<key>name</key>
			<string>Debug</string>
		</dict>
		<key>A522E625189521C70090AFA2</key>
		<dict>
			<key>buildSettings</key>
			<dict>
				<key>ALWAYS_SEARCH_USER_PATHS</key>
				<string>NO</string>
				<key>CLANG_CXX_LANGUAGE_STANDARD</key>
				<string>gnu++0x</string>
				<key>CLANG_CXX_LIBRARY</key>
				<string>libc++</string>
				<key>CLANG_ENABLE_MODULES</key>
				<string>YES</string>
				<key>CLANG_ENABLE_OBJC_ARC</key>
				<string>YES</string>
				<key>CLANG_WARN_BOOL_CONVERSION</key>
				<string>YES</string>
				<key>CLANG_WARN_CONSTANT_CONVERSION</key>
				<string>YES</string>
				<key>CLANG_WARN_DIRECT_OBJC_ISA_USAGE</key>
				<string>YES_ERROR</string>
				<key>CLANG_WARN_EMPTY_BODY</key>
				<string>YES</string>
				<key>CLANG_WARN_ENUM_CONVERSION</key>
				<string>YES</string>
				<key>CLANG_WARN_INT_CONVERSION</key>
				<string>YES</string>
				<key>CLANG_WARN_OBJC_ROOT_CLASS</key>
				<string>YES_ERROR</string>
				<key>CLANG_WARN__DUPLICATE_METHOD_MATCH</key>
				<string>YES</string>
				<key>CODE_SIGN_IDENTITY[sdk=iphoneos*]</key>
				<string>iPhone Developer</string>
				<key>COPY_PHASE_STRIP</key>
				<string>YES</string>
				<key>ENABLE_NS_ASSERTIONS</key>
				<string>NO</string>
				<key>GCC_C_LANGUAGE_STANDARD</key>
				<string>gnu99</string>
				<key>GCC_WARN_64_TO_32_BIT_CONVERSION</key>
				<string>YES</string>
				<key>GCC_WARN_ABOUT_RETURN_TYPE</key>
				<string>YES_ERROR</string>
				<key>GCC_WARN_UNDECLARED_SELECTOR</key>
				<string>YES</string>
				<key>GCC_WARN_UNINITIALIZED_AUTOS</key>
				<string>YES_AGGRESSIVE</string>
				<key>GCC_WARN_UNUSED_FUNCTION</key>
				<string>YES</string>
				<key>GCC_WARN_UNUSED_VARIABLE</key>
				<string>YES</string>
				<key>IPHONEOS_DEPLOYMENT_TARGET</key>
				<string>7.1</string>
				<key>SDKROOT</key>
				<string>iphoneos</string>
				<key>VALIDATE_PRODUCT</key>
				<string>YES</string>
			</dict>
			<key>isa</key>
			<string>XCBuildConfiguration</string>
			<key>name</key>
			<string>Release</string>
		</dict>
		<key>A522E626189521C70090AFA2</key>
		<dict>
			<key>buildConfigurations</key>
			<array>
				<string>A522E627189521C70090AFA2</string>
				<string>A522E628189521C70090AFA2</string>
			</array>
			<key>defaultConfigurationIsVisible</key>
			<string>0</string>
			<key>defaultConfigurationName</key>
			<string>Release</string>
			<key>isa</key>
			<string>XCConfigurationList</string>
		</dict>
		<key>A522E627189521C70090AFA2</key>
		<dict>
			<key>buildSettings</key>
			<dict>
				<key>ASSETCATALOG_COMPILER_APPICON_NAME</key>
				<string>AppIcon</string>
				<key>ASSETCATALOG_COMPILER_LAUNCHIMAGE_NAME</key>
				<string>LaunchImage</string>
				<key>GCC_PRECOMPILE_PREFIX_HEADER</key>
				<string>YES</string>
				<key>GCC_PREFIX_HEADER</key>
				<string>ZnatokPDD/ZnatokPDD-Prefix.pch</string>
				<key>HEADER_SEARCH_PATHS</key>
				<array>
					<string>$(inherited)</string>
					<string>/Applications/Xcode.app/Contents/Developer/Toolchains/XcodeDefault.xctoolchain/usr/include</string>
				</array>
				<key>INFOPLIST_FILE</key>
				<string>ZnatokPDD/ZnatokPDD-Info.plist</string>
				<key>IPHONEOS_DEPLOYMENT_TARGET</key>
				<string>7.0</string>
				<key>LIBRARY_SEARCH_PATHS</key>
				<string>$(inherited)</string>
				<key>OTHER_LDFLAGS</key>
				<string></string>
				<key>PRODUCT_NAME</key>
				<string>ZnatokPDD</string>
				<key>USER_HEADER_SEARCH_PATHS</key>
				<string>../**</string>
				<key>WRAPPER_EXTENSION</key>
				<string>app</string>
			</dict>
			<key>isa</key>
			<string>XCBuildConfiguration</string>
			<key>name</key>
			<string>Debug</string>
		</dict>
		<key>A522E628189521C70090AFA2</key>
		<dict>
			<key>buildSettings</key>
			<dict>
				<key>ASSETCATALOG_COMPILER_APPICON_NAME</key>
				<string>AppIcon</string>
				<key>ASSETCATALOG_COMPILER_LAUNCHIMAGE_NAME</key>
				<string>LaunchImage</string>
				<key>GCC_PRECOMPILE_PREFIX_HEADER</key>
				<string>YES</string>
				<key>GCC_PREFIX_HEADER</key>
				<string>ZnatokPDD/ZnatokPDD-Prefix.pch</string>
				<key>HEADER_SEARCH_PATHS</key>
				<array>
					<string>$(inherited)</string>
					<string>/Applications/Xcode.app/Contents/Developer/Toolchains/XcodeDefault.xctoolchain/usr/include</string>
				</array>
				<key>INFOPLIST_FILE</key>
				<string>ZnatokPDD/ZnatokPDD-Info.plist</string>
				<key>IPHONEOS_DEPLOYMENT_TARGET</key>
				<string>7.0</string>
				<key>LIBRARY_SEARCH_PATHS</key>
				<string>$(inherited)</string>
				<key>OTHER_LDFLAGS</key>
				<string></string>
				<key>PRODUCT_NAME</key>
				<string>ZnatokPDD</string>
				<key>USER_HEADER_SEARCH_PATHS</key>
				<string>../**</string>
				<key>WRAPPER_EXTENSION</key>
				<string>app</string>
			</dict>
			<key>isa</key>
			<string>XCBuildConfiguration</string>
			<key>name</key>
			<string>Release</string>
		</dict>
		<key>A522E629189521C70090AFA2</key>
		<dict>
			<key>buildConfigurations</key>
			<array>
				<string>A522E62A189521C70090AFA2</string>
				<string>A522E62B189521C70090AFA2</string>
			</array>
			<key>defaultConfigurationIsVisible</key>
			<string>0</string>
			<key>defaultConfigurationName</key>
			<string>Release</string>
			<key>isa</key>
			<string>XCConfigurationList</string>
		</dict>
		<key>A522E62A189521C70090AFA2</key>
		<dict>
			<key>buildSettings</key>
			<dict>
				<key>BUNDLE_LOADER</key>
				<string>$(BUILT_PRODUCTS_DIR)/ZnatokPDD.app/ZnatokPDD</string>
				<key>FRAMEWORK_SEARCH_PATHS</key>
				<array>
					<string>$(SDKROOT)/Developer/Library/Frameworks</string>
					<string>$(inherited)</string>
					<string>$(DEVELOPER_FRAMEWORKS_DIR)</string>
				</array>
				<key>GCC_PRECOMPILE_PREFIX_HEADER</key>
				<string>YES</string>
				<key>GCC_PREFIX_HEADER</key>
				<string>ZnatokPDD/ZnatokPDD-Prefix.pch</string>
				<key>GCC_PREPROCESSOR_DEFINITIONS</key>
				<array>
					<string>DEBUG=1</string>
					<string>$(inherited)</string>
				</array>
				<key>INFOPLIST_FILE</key>
				<string>ZnatokPDDTests/ZnatokPDDTests-Info.plist</string>
				<key>PRODUCT_NAME</key>
				<string>ZnatokPDDTests</string>
				<key>TEST_HOST</key>
				<string>$(BUNDLE_LOADER)</string>
				<key>WRAPPER_EXTENSION</key>
				<string>xctest</string>
			</dict>
			<key>isa</key>
			<string>XCBuildConfiguration</string>
			<key>name</key>
			<string>Debug</string>
		</dict>
		<key>A522E62B189521C70090AFA2</key>
		<dict>
			<key>buildSettings</key>
			<dict>
				<key>BUNDLE_LOADER</key>
				<string>$(BUILT_PRODUCTS_DIR)/ZnatokPDD.app/ZnatokPDD</string>
				<key>FRAMEWORK_SEARCH_PATHS</key>
				<array>
					<string>$(SDKROOT)/Developer/Library/Frameworks</string>
					<string>$(inherited)</string>
					<string>$(DEVELOPER_FRAMEWORKS_DIR)</string>
				</array>
				<key>GCC_PRECOMPILE_PREFIX_HEADER</key>
				<string>YES</string>
				<key>GCC_PREFIX_HEADER</key>
				<string>ZnatokPDD/ZnatokPDD-Prefix.pch</string>
				<key>INFOPLIST_FILE</key>
				<string>ZnatokPDDTests/ZnatokPDDTests-Info.plist</string>
				<key>PRODUCT_NAME</key>
				<string>ZnatokPDDTests</string>
				<key>TEST_HOST</key>
				<string>$(BUNDLE_LOADER)</string>
				<key>WRAPPER_EXTENSION</key>
				<string>xctest</string>
			</dict>
			<key>isa</key>
			<string>XCBuildConfiguration</string>
			<key>name</key>
			<string>Release</string>
		</dict>
		<key>A526410318DB1E7100AD31D6</key>
		<dict>
			<key>fileEncoding</key>
			<string>4</string>
			<key>isa</key>
			<string>PBXFileReference</string>
			<key>lastKnownFileType</key>
			<string>sourcecode.c.h</string>
			<key>path</key>
			<string>ExamenViewController.h</string>
			<key>sourceTree</key>
			<string>&lt;group&gt;</string>
		</dict>
		<key>A526410418DB1E7100AD31D6</key>
		<dict>
			<key>fileEncoding</key>
			<string>4</string>
			<key>isa</key>
			<string>PBXFileReference</string>
			<key>lastKnownFileType</key>
			<string>sourcecode.c.objc</string>
			<key>path</key>
			<string>ExamenViewController.m</string>
			<key>sourceTree</key>
			<string>&lt;group&gt;</string>
		</dict>
		<key>A526410518DB1E7100AD31D6</key>
		<dict>
			<key>fileRef</key>
			<string>A526410418DB1E7100AD31D6</string>
			<key>isa</key>
			<string>PBXBuildFile</string>
		</dict>
		<key>A526410618DB1F4100AD31D6</key>
		<dict>
			<key>fileEncoding</key>
			<string>4</string>
			<key>isa</key>
			<string>PBXFileReference</string>
			<key>lastKnownFileType</key>
			<string>sourcecode.c.h</string>
			<key>path</key>
			<string>ExamenChildViewController.h</string>
			<key>sourceTree</key>
			<string>&lt;group&gt;</string>
		</dict>
		<key>A526410718DB1F4100AD31D6</key>
		<dict>
			<key>fileEncoding</key>
			<string>4</string>
			<key>isa</key>
			<string>PBXFileReference</string>
			<key>lastKnownFileType</key>
			<string>sourcecode.c.objc</string>
			<key>path</key>
			<string>ExamenChildViewController.m</string>
			<key>sourceTree</key>
			<string>&lt;group&gt;</string>
		</dict>
		<key>A526410918DB1F4100AD31D6</key>
		<dict>
			<key>fileRef</key>
			<string>A526410718DB1F4100AD31D6</string>
			<key>isa</key>
			<string>PBXBuildFile</string>
		</dict>
		<key>A52EB7BE18EA0BB300E4E537</key>
		<dict>
			<key>fileEncoding</key>
			<string>4</string>
			<key>isa</key>
			<string>PBXFileReference</string>
			<key>lastKnownFileType</key>
			<string>sourcecode.c.h</string>
			<key>path</key>
			<string>ResultViewController.h</string>
			<key>sourceTree</key>
			<string>&lt;group&gt;</string>
		</dict>
		<key>A52EB7BF18EA0BB300E4E537</key>
		<dict>
			<key>fileEncoding</key>
			<string>4</string>
			<key>isa</key>
			<string>PBXFileReference</string>
			<key>lastKnownFileType</key>
			<string>sourcecode.c.objc</string>
			<key>path</key>
			<string>ResultViewController.m</string>
			<key>sourceTree</key>
			<string>&lt;group&gt;</string>
		</dict>
		<key>A52EB7C018EA0BB300E4E537</key>
		<dict>
			<key>fileRef</key>
			<string>A52EB7BF18EA0BB300E4E537</string>
			<key>isa</key>
			<string>PBXBuildFile</string>
		</dict>
		<key>A52FF6F418F84FF4009660CA</key>
		<dict>
			<key>isa</key>
			<string>PBXFileReference</string>
			<key>lastKnownFileType</key>
			<string>image.png</string>
			<key>path</key>
			<string>reload.png</string>
			<key>sourceTree</key>
			<string>&lt;group&gt;</string>
		</dict>
		<key>A52FF6F518F84FF4009660CA</key>
		<dict>
			<key>isa</key>
			<string>PBXFileReference</string>
			<key>lastKnownFileType</key>
			<string>image.png</string>
			<key>path</key>
			<string>reload@2x.png</string>
			<key>sourceTree</key>
			<string>&lt;group&gt;</string>
		</dict>
		<key>A52FF6F618F84FF4009660CA</key>
		<dict>
			<key>fileRef</key>
			<string>A52FF6F418F84FF4009660CA</string>
			<key>isa</key>
			<string>PBXBuildFile</string>
		</dict>
		<key>A52FF6F718F84FF4009660CA</key>
		<dict>
			<key>fileRef</key>
			<string>A52FF6F518F84FF4009660CA</string>
			<key>isa</key>
			<string>PBXBuildFile</string>
		</dict>
		<key>A5326A7818EC09F9006FF377</key>
		<dict>
			<key>isa</key>
			<string>PBXFileReference</string>
			<key>lastKnownFileType</key>
			<string>wrapper.plug-in</string>
			<key>path</key>
			<string>iRate.bundle</string>
			<key>sourceTree</key>
			<string>&lt;group&gt;</string>
		</dict>
		<key>A5326A7918EC09F9006FF377</key>
		<dict>
			<key>fileEncoding</key>
			<string>4</string>
			<key>isa</key>
			<string>PBXFileReference</string>
			<key>lastKnownFileType</key>
			<string>sourcecode.c.h</string>
			<key>path</key>
			<string>iRate.h</string>
			<key>sourceTree</key>
			<string>&lt;group&gt;</string>
		</dict>
		<key>A5326A7A18EC09F9006FF377</key>
		<dict>
			<key>fileEncoding</key>
			<string>4</string>
			<key>isa</key>
			<string>PBXFileReference</string>
			<key>lastKnownFileType</key>
			<string>sourcecode.c.objc</string>
			<key>path</key>
			<string>iRate.m</string>
			<key>sourceTree</key>
			<string>&lt;group&gt;</string>
		</dict>
		<key>A5326A7B18EC09F9006FF377</key>
		<dict>
			<key>fileRef</key>
			<string>A5326A7818EC09F9006FF377</string>
			<key>isa</key>
			<string>PBXBuildFile</string>
		</dict>
		<key>A5326A7C18EC09F9006FF377</key>
		<dict>
			<key>fileRef</key>
			<string>A5326A7A18EC09F9006FF377</string>
			<key>isa</key>
			<string>PBXBuildFile</string>
		</dict>
		<key>A53AB38618F6E2C500577C1D</key>
		<dict>
			<key>isa</key>
			<string>PBXFileReference</string>
			<key>lastKnownFileType</key>
			<string>image.png</string>
			<key>path</key>
			<string>cars.png</string>
			<key>sourceTree</key>
			<string>&lt;group&gt;</string>
		</dict>
		<key>A53AB38718F6E2C500577C1D</key>
		<dict>
			<key>isa</key>
			<string>PBXFileReference</string>
			<key>lastKnownFileType</key>
			<string>image.png</string>
			<key>path</key>
			<string>cars@2x.png</string>
			<key>sourceTree</key>
			<string>&lt;group&gt;</string>
		</dict>
		<key>A53AB38818F6E2C500577C1D</key>
		<dict>
			<key>fileRef</key>
			<string>A53AB38618F6E2C500577C1D</string>
			<key>isa</key>
			<string>PBXBuildFile</string>
		</dict>
		<key>A53AB38918F6E2C500577C1D</key>
		<dict>
			<key>fileRef</key>
			<string>A53AB38718F6E2C500577C1D</string>
			<key>isa</key>
			<string>PBXBuildFile</string>
		</dict>
		<key>A53DC91418F73756009B1ED4</key>
		<dict>
			<key>isa</key>
			<string>PBXFileReference</string>
			<key>lastKnownFileType</key>
			<string>image.png</string>
			<key>path</key>
			<string>UIButtonBarAction.png</string>
			<key>sourceTree</key>
			<string>&lt;group&gt;</string>
		</dict>
		<key>A53DC91518F73756009B1ED4</key>
		<dict>
			<key>isa</key>
			<string>PBXFileReference</string>
			<key>lastKnownFileType</key>
			<string>image.png</string>
			<key>path</key>
			<string>UIButtonBarAction@2x.png</string>
			<key>sourceTree</key>
			<string>&lt;group&gt;</string>
		</dict>
		<key>A53DC91618F73756009B1ED4</key>
		<dict>
			<key>fileRef</key>
			<string>A53DC91418F73756009B1ED4</string>
			<key>isa</key>
			<string>PBXBuildFile</string>
		</dict>
		<key>A53DC91718F73756009B1ED4</key>
		<dict>
			<key>fileRef</key>
			<string>A53DC91518F73756009B1ED4</string>
			<key>isa</key>
			<string>PBXBuildFile</string>
		</dict>
		<key>A53DC91818F73C68009B1ED4</key>
		<dict>
			<key>isa</key>
			<string>PBXFileReference</string>
			<key>lastKnownFileType</key>
			<string>image.png</string>
			<key>path</key>
			<string>logo_share.png</string>
			<key>sourceTree</key>
			<string>&lt;group&gt;</string>
		</dict>
		<key>A53DC91918F73C68009B1ED4</key>
		<dict>
			<key>fileRef</key>
			<string>A53DC91818F73C68009B1ED4</string>
			<key>isa</key>
			<string>PBXBuildFile</string>
		</dict>
		<key>A54F73F218D6402700EAB2A5</key>
		<dict>
			<key>fileEncoding</key>
			<string>4</string>
			<key>isa</key>
			<string>PBXFileReference</string>
			<key>lastKnownFileType</key>
			<string>text.plist.xml</string>
			<key>path</key>
			<string>StyleSettings.plist</string>
			<key>sourceTree</key>
			<string>&lt;group&gt;</string>
		</dict>
		<key>A54F73F318D6402700EAB2A5</key>
		<dict>
			<key>fileRef</key>
			<string>A54F73F218D6402700EAB2A5</string>
			<key>isa</key>
			<string>PBXBuildFile</string>
		</dict>
		<key>A5614FDF18F20EE700263A57</key>
		<dict>
			<key>fileEncoding</key>
			<string>4</string>
			<key>isa</key>
			<string>PBXFileReference</string>
			<key>lastKnownFileType</key>
			<string>sourcecode.c.h</string>
			<key>path</key>
			<string>MBProgressHUD.h</string>
			<key>sourceTree</key>
			<string>&lt;group&gt;</string>
		</dict>
		<key>A5614FE018F20EE700263A57</key>
		<dict>
			<key>fileEncoding</key>
			<string>4</string>
			<key>isa</key>
			<string>PBXFileReference</string>
			<key>lastKnownFileType</key>
			<string>sourcecode.c.objc</string>
			<key>path</key>
			<string>MBProgressHUD.m</string>
			<key>sourceTree</key>
			<string>&lt;group&gt;</string>
		</dict>
		<key>A5614FE118F20EE700263A57</key>
		<dict>
			<key>fileRef</key>
			<string>A5614FE018F20EE700263A57</string>
			<key>isa</key>
			<string>PBXBuildFile</string>
		</dict>
		<key>A5614FE218F20F6400263A57</key>
		<dict>
			<key>children</key>
			<array>
				<string>A5326A7818EC09F9006FF377</string>
				<string>A5326A7918EC09F9006FF377</string>
				<string>A5326A7A18EC09F9006FF377</string>
				<string>A5614FDF18F20EE700263A57</string>
				<string>A5614FE018F20EE700263A57</string>
				<string>A56A012718F0C295000D38F9</string>
				<string>A56A012818F0C295000D38F9</string>
				<string>A508A05318F21555001CA259</string>
				<string>A5D2BE3618F2075000248E7C</string>
				<string>A5D2BE3718F2075000248E7C</string>
			</array>
			<key>isa</key>
			<string>PBXGroup</string>
			<key>name</key>
			<string>3rd party</string>
			<key>sourceTree</key>
			<string>&lt;group&gt;</string>
		</dict>
		<key>A563E861189C41CE004320F0</key>
		<dict>
			<key>fileEncoding</key>
			<string>4</string>
			<key>isa</key>
			<string>PBXFileReference</string>
			<key>lastKnownFileType</key>
			<string>text.html</string>
			<key>path</key>
			<string>pdd2.html</string>
			<key>sourceTree</key>
			<string>&lt;group&gt;</string>
		</dict>
		<key>A563E862189C41CE004320F0</key>
		<dict>
			<key>fileEncoding</key>
			<string>4</string>
			<key>isa</key>
			<string>PBXFileReference</string>
			<key>lastKnownFileType</key>
			<string>text.html</string>
			<key>path</key>
			<string>pdd3.html</string>
			<key>sourceTree</key>
			<string>&lt;group&gt;</string>
		</dict>
		<key>A563E863189C41CE004320F0</key>
		<dict>
			<key>fileEncoding</key>
			<string>4</string>
			<key>isa</key>
			<string>PBXFileReference</string>
			<key>lastKnownFileType</key>
			<string>text.html</string>
			<key>path</key>
			<string>pdd4.html</string>
			<key>sourceTree</key>
			<string>&lt;group&gt;</string>
		</dict>
		<key>A563E864189C41CE004320F0</key>
		<dict>
			<key>fileEncoding</key>
			<string>4</string>
			<key>isa</key>
			<string>PBXFileReference</string>
			<key>lastKnownFileType</key>
			<string>text.html</string>
			<key>path</key>
			<string>pdd5.html</string>
			<key>sourceTree</key>
			<string>&lt;group&gt;</string>
		</dict>
		<key>A563E865189C41CE004320F0</key>
		<dict>
			<key>fileEncoding</key>
			<string>4</string>
			<key>isa</key>
			<string>PBXFileReference</string>
			<key>lastKnownFileType</key>
			<string>text.html</string>
			<key>path</key>
			<string>pdd6.html</string>
			<key>sourceTree</key>
			<string>&lt;group&gt;</string>
		</dict>
		<key>A563E866189C41CE004320F0</key>
		<dict>
			<key>fileEncoding</key>
			<string>4</string>
			<key>isa</key>
			<string>PBXFileReference</string>
			<key>lastKnownFileType</key>
			<string>text.html</string>
			<key>path</key>
			<string>pdd7.html</string>
			<key>sourceTree</key>
			<string>&lt;group&gt;</string>
		</dict>
		<key>A563E867189C41CE004320F0</key>
		<dict>
			<key>fileEncoding</key>
			<string>4</string>
			<key>isa</key>
			<string>PBXFileReference</string>
			<key>lastKnownFileType</key>
			<string>text.html</string>
			<key>path</key>
			<string>pdd8.html</string>
			<key>sourceTree</key>
			<string>&lt;group&gt;</string>
		</dict>
		<key>A563E868189C41CE004320F0</key>
		<dict>
			<key>fileEncoding</key>
			<string>4</string>
			<key>isa</key>
			<string>PBXFileReference</string>
			<key>lastKnownFileType</key>
			<string>text.html</string>
			<key>path</key>
			<string>pdd9.html</string>
			<key>sourceTree</key>
			<string>&lt;group&gt;</string>
		</dict>
		<key>A563E869189C41CE004320F0</key>
		<dict>
			<key>fileEncoding</key>
			<string>4</string>
			<key>isa</key>
			<string>PBXFileReference</string>
			<key>lastKnownFileType</key>
			<string>text.html</string>
			<key>path</key>
			<string>pdd10.html</string>
			<key>sourceTree</key>
			<string>&lt;group&gt;</string>
		</dict>
		<key>A563E86A189C41CE004320F0</key>
		<dict>
			<key>fileEncoding</key>
			<string>4</string>
			<key>isa</key>
			<string>PBXFileReference</string>
			<key>lastKnownFileType</key>
			<string>text.html</string>
			<key>path</key>
			<string>pdd11.html</string>
			<key>sourceTree</key>
			<string>&lt;group&gt;</string>
		</dict>
		<key>A563E86B189C41CE004320F0</key>
		<dict>
			<key>fileEncoding</key>
			<string>4</string>
			<key>isa</key>
			<string>PBXFileReference</string>
			<key>lastKnownFileType</key>
			<string>text.html</string>
			<key>path</key>
			<string>pdd12.html</string>
			<key>sourceTree</key>
			<string>&lt;group&gt;</string>
		</dict>
		<key>A563E86C189C41CE004320F0</key>
		<dict>
			<key>fileEncoding</key>
			<string>4</string>
			<key>isa</key>
			<string>PBXFileReference</string>
			<key>lastKnownFileType</key>
			<string>text.html</string>
			<key>path</key>
			<string>pdd13.html</string>
			<key>sourceTree</key>
			<string>&lt;group&gt;</string>
		</dict>
		<key>A563E86D189C41CE004320F0</key>
		<dict>
			<key>fileEncoding</key>
			<string>4</string>
			<key>isa</key>
			<string>PBXFileReference</string>
			<key>lastKnownFileType</key>
			<string>text.html</string>
			<key>path</key>
			<string>pdd14.html</string>
			<key>sourceTree</key>
			<string>&lt;group&gt;</string>
		</dict>
		<key>A563E86E189C41CE004320F0</key>
		<dict>
			<key>fileEncoding</key>
			<string>4</string>
			<key>isa</key>
			<string>PBXFileReference</string>
			<key>lastKnownFileType</key>
			<string>text.html</string>
			<key>path</key>
			<string>pdd15.html</string>
			<key>sourceTree</key>
			<string>&lt;group&gt;</string>
		</dict>
		<key>A563E86F189C41CE004320F0</key>
		<dict>
			<key>fileEncoding</key>
			<string>4</string>
			<key>isa</key>
			<string>PBXFileReference</string>
			<key>lastKnownFileType</key>
			<string>text.html</string>
			<key>path</key>
			<string>pdd16.html</string>
			<key>sourceTree</key>
			<string>&lt;group&gt;</string>
		</dict>
		<key>A563E870189C41CE004320F0</key>
		<dict>
			<key>fileEncoding</key>
			<string>4</string>
			<key>isa</key>
			<string>PBXFileReference</string>
			<key>lastKnownFileType</key>
			<string>text.html</string>
			<key>path</key>
			<string>pdd17.html</string>
			<key>sourceTree</key>
			<string>&lt;group&gt;</string>
		</dict>
		<key>A563E871189C41CE004320F0</key>
		<dict>
			<key>fileEncoding</key>
			<string>4</string>
			<key>isa</key>
			<string>PBXFileReference</string>
			<key>lastKnownFileType</key>
			<string>text.html</string>
			<key>path</key>
			<string>pdd18.html</string>
			<key>sourceTree</key>
			<string>&lt;group&gt;</string>
		</dict>
		<key>A563E872189C41CE004320F0</key>
		<dict>
			<key>fileEncoding</key>
			<string>4</string>
			<key>isa</key>
			<string>PBXFileReference</string>
			<key>lastKnownFileType</key>
			<string>text.html</string>
			<key>path</key>
			<string>pdd19.html</string>
			<key>sourceTree</key>
			<string>&lt;group&gt;</string>
		</dict>
		<key>A563E873189C41CE004320F0</key>
		<dict>
			<key>fileEncoding</key>
			<string>4</string>
			<key>isa</key>
			<string>PBXFileReference</string>
			<key>lastKnownFileType</key>
			<string>text.html</string>
			<key>path</key>
			<string>pdd20.html</string>
			<key>sourceTree</key>
			<string>&lt;group&gt;</string>
		</dict>
		<key>A563E874189C41CE004320F0</key>
		<dict>
			<key>fileEncoding</key>
			<string>4</string>
			<key>isa</key>
			<string>PBXFileReference</string>
			<key>lastKnownFileType</key>
			<string>text.html</string>
			<key>path</key>
			<string>pdd21.html</string>
			<key>sourceTree</key>
			<string>&lt;group&gt;</string>
		</dict>
		<key>A563E875189C41CE004320F0</key>
		<dict>
			<key>fileEncoding</key>
			<string>4</string>
			<key>isa</key>
			<string>PBXFileReference</string>
			<key>lastKnownFileType</key>
			<string>text.html</string>
			<key>path</key>
			<string>pdd22.html</string>
			<key>sourceTree</key>
			<string>&lt;group&gt;</string>
		</dict>
		<key>A563E876189C41CE004320F0</key>
		<dict>
			<key>fileEncoding</key>
			<string>4</string>
			<key>isa</key>
			<string>PBXFileReference</string>
			<key>lastKnownFileType</key>
			<string>text.html</string>
			<key>path</key>
			<string>pdd23.html</string>
			<key>sourceTree</key>
			<string>&lt;group&gt;</string>
		</dict>
		<key>A563E877189C41CE004320F0</key>
		<dict>
			<key>fileEncoding</key>
			<string>4</string>
			<key>isa</key>
			<string>PBXFileReference</string>
			<key>lastKnownFileType</key>
			<string>text.html</string>
			<key>path</key>
			<string>pdd24.html</string>
			<key>sourceTree</key>
			<string>&lt;group&gt;</string>
		</dict>
		<key>A563E879189C41CE004320F0</key>
		<dict>
			<key>fileRef</key>
			<string>A563E861189C41CE004320F0</string>
			<key>isa</key>
			<string>PBXBuildFile</string>
		</dict>
		<key>A563E87A189C41CE004320F0</key>
		<dict>
			<key>fileRef</key>
			<string>A563E862189C41CE004320F0</string>
			<key>isa</key>
			<string>PBXBuildFile</string>
		</dict>
		<key>A563E87B189C41CE004320F0</key>
		<dict>
			<key>fileRef</key>
			<string>A563E863189C41CE004320F0</string>
			<key>isa</key>
			<string>PBXBuildFile</string>
		</dict>
		<key>A563E87C189C41CE004320F0</key>
		<dict>
			<key>fileRef</key>
			<string>A563E864189C41CE004320F0</string>
			<key>isa</key>
			<string>PBXBuildFile</string>
		</dict>
		<key>A563E87D189C41CE004320F0</key>
		<dict>
			<key>fileRef</key>
			<string>A563E865189C41CE004320F0</string>
			<key>isa</key>
			<string>PBXBuildFile</string>
		</dict>
		<key>A563E87E189C41CE004320F0</key>
		<dict>
			<key>fileRef</key>
			<string>A563E866189C41CE004320F0</string>
			<key>isa</key>
			<string>PBXBuildFile</string>
		</dict>
		<key>A563E87F189C41CE004320F0</key>
		<dict>
			<key>fileRef</key>
			<string>A563E867189C41CE004320F0</string>
			<key>isa</key>
			<string>PBXBuildFile</string>
		</dict>
		<key>A563E880189C41CE004320F0</key>
		<dict>
			<key>fileRef</key>
			<string>A563E868189C41CE004320F0</string>
			<key>isa</key>
			<string>PBXBuildFile</string>
		</dict>
		<key>A563E881189C41CE004320F0</key>
		<dict>
			<key>fileRef</key>
			<string>A563E869189C41CE004320F0</string>
			<key>isa</key>
			<string>PBXBuildFile</string>
		</dict>
		<key>A563E882189C41CE004320F0</key>
		<dict>
			<key>fileRef</key>
			<string>A563E86A189C41CE004320F0</string>
			<key>isa</key>
			<string>PBXBuildFile</string>
		</dict>
		<key>A563E883189C41CE004320F0</key>
		<dict>
			<key>fileRef</key>
			<string>A563E86B189C41CE004320F0</string>
			<key>isa</key>
			<string>PBXBuildFile</string>
		</dict>
		<key>A563E884189C41CE004320F0</key>
		<dict>
			<key>fileRef</key>
			<string>A563E86C189C41CE004320F0</string>
			<key>isa</key>
			<string>PBXBuildFile</string>
		</dict>
		<key>A563E885189C41CE004320F0</key>
		<dict>
			<key>fileRef</key>
			<string>A563E86D189C41CE004320F0</string>
			<key>isa</key>
			<string>PBXBuildFile</string>
		</dict>
		<key>A563E886189C41CE004320F0</key>
		<dict>
			<key>fileRef</key>
			<string>A563E86E189C41CE004320F0</string>
			<key>isa</key>
			<string>PBXBuildFile</string>
		</dict>
		<key>A563E887189C41CE004320F0</key>
		<dict>
			<key>fileRef</key>
			<string>A563E86F189C41CE004320F0</string>
			<key>isa</key>
			<string>PBXBuildFile</string>
		</dict>
		<key>A563E888189C41CE004320F0</key>
		<dict>
			<key>fileRef</key>
			<string>A563E870189C41CE004320F0</string>
			<key>isa</key>
			<string>PBXBuildFile</string>
		</dict>
		<key>A563E889189C41CE004320F0</key>
		<dict>
			<key>fileRef</key>
			<string>A563E871189C41CE004320F0</string>
			<key>isa</key>
			<string>PBXBuildFile</string>
		</dict>
		<key>A563E88A189C41CE004320F0</key>
		<dict>
			<key>fileRef</key>
			<string>A563E872189C41CE004320F0</string>
			<key>isa</key>
			<string>PBXBuildFile</string>
		</dict>
		<key>A563E88B189C41CE004320F0</key>
		<dict>
			<key>fileRef</key>
			<string>A563E873189C41CE004320F0</string>
			<key>isa</key>
			<string>PBXBuildFile</string>
		</dict>
		<key>A563E88C189C41CE004320F0</key>
		<dict>
			<key>fileRef</key>
			<string>A563E874189C41CE004320F0</string>
			<key>isa</key>
			<string>PBXBuildFile</string>
		</dict>
		<key>A563E88D189C41CE004320F0</key>
		<dict>
			<key>fileRef</key>
			<string>A563E875189C41CE004320F0</string>
			<key>isa</key>
			<string>PBXBuildFile</string>
		</dict>
		<key>A563E88E189C41CE004320F0</key>
		<dict>
			<key>fileRef</key>
			<string>A563E876189C41CE004320F0</string>
			<key>isa</key>
			<string>PBXBuildFile</string>
		</dict>
		<key>A563E88F189C41CE004320F0</key>
		<dict>
			<key>fileRef</key>
			<string>A563E877189C41CE004320F0</string>
			<key>isa</key>
			<string>PBXBuildFile</string>
		</dict>
		<key>A563E893189C473D004320F0</key>
		<dict>
			<key>fileEncoding</key>
			<string>4</string>
			<key>isa</key>
			<string>PBXFileReference</string>
			<key>lastKnownFileType</key>
			<string>sourcecode.c.h</string>
			<key>path</key>
			<string>RulesDetailViewController.h</string>
			<key>sourceTree</key>
			<string>&lt;group&gt;</string>
		</dict>
		<key>A563E894189C473D004320F0</key>
		<dict>
			<key>fileEncoding</key>
			<string>4</string>
			<key>isa</key>
			<string>PBXFileReference</string>
			<key>lastKnownFileType</key>
			<string>sourcecode.c.objc</string>
			<key>path</key>
			<string>RulesDetailViewController.m</string>
			<key>sourceTree</key>
			<string>&lt;group&gt;</string>
		</dict>
		<key>A563E895189C473D004320F0</key>
		<dict>
			<key>fileRef</key>
			<string>A563E894189C473D004320F0</string>
			<key>isa</key>
			<string>PBXBuildFile</string>
		</dict>
		<key>A566180A18F5B7D500B2B95C</key>
		<dict>
			<key>isa</key>
			<string>PBXFileReference</string>
			<key>lastKnownFileType</key>
			<string>image.png</string>
			<key>path</key>
			<string>bookmark.png</string>
			<key>sourceTree</key>
			<string>&lt;group&gt;</string>
		</dict>
		<key>A566180B18F5B7D500B2B95C</key>
		<dict>
			<key>isa</key>
			<string>PBXFileReference</string>
			<key>lastKnownFileType</key>
			<string>image.png</string>
			<key>path</key>
			<string>bookmark@2x.png</string>
			<key>sourceTree</key>
			<string>&lt;group&gt;</string>
		</dict>
		<key>A566180C18F5B7D500B2B95C</key>
		<dict>
			<key>isa</key>
			<string>PBXFileReference</string>
			<key>lastKnownFileType</key>
			<string>image.png</string>
			<key>path</key>
			<string>examen.png</string>
			<key>sourceTree</key>
			<string>&lt;group&gt;</string>
		</dict>
		<key>A566180D18F5B7D500B2B95C</key>
		<dict>
			<key>isa</key>
			<string>PBXFileReference</string>
			<key>lastKnownFileType</key>
			<string>image.png</string>
			<key>path</key>
			<string>examen@2x.png</string>
			<key>sourceTree</key>
			<string>&lt;group&gt;</string>
		</dict>
		<key>A566180E18F5B7D500B2B95C</key>
		<dict>
			<key>isa</key>
			<string>PBXFileReference</string>
			<key>lastKnownFileType</key>
			<string>image.png</string>
			<key>path</key>
			<string>literature.png</string>
			<key>sourceTree</key>
			<string>&lt;group&gt;</string>
		</dict>
		<key>A566180F18F5B7D500B2B95C</key>
		<dict>
			<key>isa</key>
			<string>PBXFileReference</string>
			<key>lastKnownFileType</key>
			<string>image.png</string>
			<key>path</key>
			<string>literature@2x.png</string>
			<key>sourceTree</key>
			<string>&lt;group&gt;</string>
		</dict>
		<key>A566181018F5B7D500B2B95C</key>
		<dict>
			<key>isa</key>
			<string>PBXFileReference</string>
			<key>lastKnownFileType</key>
			<string>image.png</string>
			<key>path</key>
			<string>logo.png</string>
			<key>sourceTree</key>
			<string>&lt;group&gt;</string>
		</dict>
		<key>A566181118F5B7D500B2B95C</key>
		<dict>
			<key>isa</key>
			<string>PBXFileReference</string>
			<key>lastKnownFileType</key>
			<string>image.png</string>
			<key>path</key>
			<string>logo@2x.png</string>
			<key>sourceTree</key>
			<string>&lt;group&gt;</string>
		</dict>
		<key>A566181218F5B7D500B2B95C</key>
		<dict>
			<key>isa</key>
			<string>PBXFileReference</string>
			<key>lastKnownFileType</key>
			<string>image.png</string>
			<key>path</key>
			<string>settings.png</string>
			<key>sourceTree</key>
			<string>&lt;group&gt;</string>
		</dict>
		<key>A566181318F5B7D500B2B95C</key>
		<dict>
			<key>isa</key>
			<string>PBXFileReference</string>
			<key>lastKnownFileType</key>
			<string>image.png</string>
			<key>path</key>
			<string>settings@2x.png</string>
			<key>sourceTree</key>
			<string>&lt;group&gt;</string>
		</dict>
		<key>A566181418F5B7D500B2B95C</key>
		<dict>
			<key>isa</key>
			<string>PBXFileReference</string>
			<key>lastKnownFileType</key>
			<string>image.png</string>
			<key>path</key>
			<string>statistics.png</string>
			<key>sourceTree</key>
			<string>&lt;group&gt;</string>
		</dict>
		<key>A566181518F5B7D500B2B95C</key>
		<dict>
			<key>isa</key>
			<string>PBXFileReference</string>
			<key>lastKnownFileType</key>
			<string>image.png</string>
			<key>path</key>
			<string>statistics@2x.png</string>
			<key>sourceTree</key>
			<string>&lt;group&gt;</string>
		</dict>
		<key>A566181618F5B7D500B2B95C</key>
		<dict>
			<key>fileRef</key>
			<string>A566180A18F5B7D500B2B95C</string>
			<key>isa</key>
			<string>PBXBuildFile</string>
		</dict>
		<key>A566181718F5B7D500B2B95C</key>
		<dict>
			<key>fileRef</key>
			<string>A566180B18F5B7D500B2B95C</string>
			<key>isa</key>
			<string>PBXBuildFile</string>
		</dict>
		<key>A566181818F5B7D500B2B95C</key>
		<dict>
			<key>fileRef</key>
			<string>A566180C18F5B7D500B2B95C</string>
			<key>isa</key>
			<string>PBXBuildFile</string>
		</dict>
		<key>A566181918F5B7D500B2B95C</key>
		<dict>
			<key>fileRef</key>
			<string>A566180D18F5B7D500B2B95C</string>
			<key>isa</key>
			<string>PBXBuildFile</string>
		</dict>
		<key>A566181A18F5B7D500B2B95C</key>
		<dict>
			<key>fileRef</key>
			<string>A566180E18F5B7D500B2B95C</string>
			<key>isa</key>
			<string>PBXBuildFile</string>
		</dict>
		<key>A566181B18F5B7D500B2B95C</key>
		<dict>
			<key>fileRef</key>
			<string>A566180F18F5B7D500B2B95C</string>
			<key>isa</key>
			<string>PBXBuildFile</string>
		</dict>
		<key>A566181C18F5B7D500B2B95C</key>
		<dict>
			<key>fileRef</key>
			<string>A566181018F5B7D500B2B95C</string>
			<key>isa</key>
			<string>PBXBuildFile</string>
		</dict>
		<key>A566181D18F5B7D500B2B95C</key>
		<dict>
			<key>fileRef</key>
			<string>A566181118F5B7D500B2B95C</string>
			<key>isa</key>
			<string>PBXBuildFile</string>
		</dict>
		<key>A566181E18F5B7D500B2B95C</key>
		<dict>
			<key>fileRef</key>
			<string>A566181218F5B7D500B2B95C</string>
			<key>isa</key>
			<string>PBXBuildFile</string>
		</dict>
		<key>A566181F18F5B7D500B2B95C</key>
		<dict>
			<key>fileRef</key>
			<string>A566181318F5B7D500B2B95C</string>
			<key>isa</key>
			<string>PBXBuildFile</string>
		</dict>
		<key>A566182018F5B7D500B2B95C</key>
		<dict>
			<key>fileRef</key>
			<string>A566181418F5B7D500B2B95C</string>
			<key>isa</key>
			<string>PBXBuildFile</string>
		</dict>
		<key>A566182118F5B7D500B2B95C</key>
		<dict>
			<key>fileRef</key>
			<string>A566181518F5B7D500B2B95C</string>
			<key>isa</key>
			<string>PBXBuildFile</string>
		</dict>
		<key>A56A012518F0BF57000D38F9</key>
		<dict>
			<key>isa</key>
			<string>PBXFileReference</string>
			<key>lastKnownFileType</key>
			<string>wrapper.framework</string>
			<key>name</key>
			<string>MessageUI.framework</string>
			<key>path</key>
			<string>System/Library/Frameworks/MessageUI.framework</string>
			<key>sourceTree</key>
			<string>SDKROOT</string>
		</dict>
		<key>A56A012618F0BF57000D38F9</key>
		<dict>
			<key>fileRef</key>
			<string>A56A012518F0BF57000D38F9</string>
			<key>isa</key>
			<string>PBXBuildFile</string>
		</dict>
		<key>A56A012718F0C295000D38F9</key>
		<dict>
			<key>fileEncoding</key>
			<string>4</string>
			<key>isa</key>
			<string>PBXFileReference</string>
			<key>lastKnownFileType</key>
			<string>sourcecode.c.h</string>
			<key>path</key>
			<string>Reachability.h</string>
			<key>sourceTree</key>
			<string>&lt;group&gt;</string>
		</dict>
		<key>A56A012818F0C295000D38F9</key>
		<dict>
			<key>fileEncoding</key>
			<string>4</string>
			<key>isa</key>
			<string>PBXFileReference</string>
			<key>lastKnownFileType</key>
			<string>sourcecode.c.objc</string>
			<key>path</key>
			<string>Reachability.m</string>
			<key>sourceTree</key>
			<string>&lt;group&gt;</string>
		</dict>
		<key>A56A012918F0C295000D38F9</key>
		<dict>
			<key>fileRef</key>
			<string>A56A012818F0C295000D38F9</string>
			<key>isa</key>
			<string>PBXBuildFile</string>
		</dict>
		<key>A56B76F518D869DA00B1CDCF</key>
		<dict>
			<key>isa</key>
			<string>PBXFileReference</string>
			<key>lastKnownFileType</key>
			<string>wrapper.framework</string>
			<key>name</key>
			<string>AudioToolbox.framework</string>
			<key>path</key>
			<string>System/Library/Frameworks/AudioToolbox.framework</string>
			<key>sourceTree</key>
			<string>SDKROOT</string>
		</dict>
		<key>A56B76F618D869DA00B1CDCF</key>
		<dict>
			<key>fileRef</key>
			<string>A56B76F518D869DA00B1CDCF</string>
			<key>isa</key>
			<string>PBXBuildFile</string>
		</dict>
		<key>A57AFA0018F5B9D9002560F1</key>
		<dict>
			<key>isa</key>
			<string>PBXFileReference</string>
			<key>lastKnownFileType</key>
			<string>image.png</string>
			<key>path</key>
			<string>bilet.png</string>
			<key>sourceTree</key>
			<string>&lt;group&gt;</string>
		</dict>
		<key>A57AFA0118F5B9D9002560F1</key>
		<dict>
			<key>isa</key>
			<string>PBXFileReference</string>
			<key>lastKnownFileType</key>
			<string>image.png</string>
			<key>path</key>
			<string>bilet@2x.png</string>
			<key>sourceTree</key>
			<string>&lt;group&gt;</string>
		</dict>
		<key>A57AFA0218F5B9D9002560F1</key>
		<dict>
			<key>fileRef</key>
			<string>A57AFA0018F5B9D9002560F1</string>
			<key>isa</key>
			<string>PBXBuildFile</string>
		</dict>
		<key>A57AFA0318F5B9D9002560F1</key>
		<dict>
			<key>fileRef</key>
			<string>A57AFA0118F5B9D9002560F1</string>
			<key>isa</key>
			<string>PBXBuildFile</string>
		</dict>
		<key>A57B891018D3045500CB1E52</key>
		<dict>
			<key>isa</key>
			<string>PBXFileReference</string>
			<key>lastKnownFileType</key>
			<string>file</string>
			<key>path</key>
			<string>pdd.sqlite</string>
			<key>sourceTree</key>
			<string>&lt;group&gt;</string>
		</dict>
		<key>A57B891118D3045500CB1E52</key>
		<dict>
			<key>fileRef</key>
			<string>A57B891018D3045500CB1E52</string>
			<key>isa</key>
			<string>PBXBuildFile</string>
		</dict>
		<key>A583B82C18E8B83000E2B6BF</key>
		<dict>
			<key>isa</key>
			<string>PBXFileReference</string>
			<key>lastKnownFileType</key>
			<string>image.png</string>
			<key>path</key>
			<string>UIButtonBarTrash@2x.png</string>
			<key>sourceTree</key>
			<string>&lt;group&gt;</string>
		</dict>
		<key>A583B82D18E8B83000E2B6BF</key>
		<dict>
			<key>fileRef</key>
			<string>A583B82C18E8B83000E2B6BF</string>
			<key>isa</key>
			<string>PBXBuildFile</string>
		</dict>
		<key>A583B82E18E8B9C600E2B6BF</key>
		<dict>
			<key>isa</key>
			<string>PBXFileReference</string>
			<key>lastKnownFileType</key>
			<string>image.png</string>
			<key>path</key>
			<string>UIButtonBarTrash.png</string>
			<key>sourceTree</key>
			<string>&lt;group&gt;</string>
		</dict>
		<key>A583B82F18E8B9C600E2B6BF</key>
		<dict>
			<key>fileRef</key>
			<string>A583B82E18E8B9C600E2B6BF</string>
			<key>isa</key>
			<string>PBXBuildFile</string>
		</dict>
		<key>A58CF97918F697F600AA2B2E</key>
		<dict>
			<key>isa</key>
			<string>PBXFileReference</string>
			<key>lastKnownFileType</key>
			<string>image.png</string>
			<key>path</key>
			<string>clock.png</string>
			<key>sourceTree</key>
			<string>&lt;group&gt;</string>
		</dict>
		<key>A58CF97A18F697F600AA2B2E</key>
		<dict>
			<key>isa</key>
			<string>PBXFileReference</string>
			<key>lastKnownFileType</key>
			<string>image.png</string>
			<key>path</key>
			<string>clock@2x.png</string>
			<key>sourceTree</key>
			<string>&lt;group&gt;</string>
		</dict>
		<key>A58CF97B18F697F600AA2B2E</key>
		<dict>
			<key>fileRef</key>
			<string>A58CF97918F697F600AA2B2E</string>
			<key>isa</key>
			<string>PBXBuildFile</string>
		</dict>
		<key>A58CF97C18F697F600AA2B2E</key>
		<dict>
			<key>fileRef</key>
			<string>A58CF97A18F697F600AA2B2E</string>
			<key>isa</key>
			<string>PBXBuildFile</string>
		</dict>
		<key>A58CF97F18F6A11C00AA2B2E</key>
		<dict>
			<key>isa</key>
			<string>PBXFileReference</string>
			<key>lastKnownFileType</key>
			<string>image.png</string>
			<key>path</key>
			<string>good.png</string>
			<key>sourceTree</key>
			<string>&lt;group&gt;</string>
		</dict>
		<key>A58CF98018F6A11C00AA2B2E</key>
		<dict>
			<key>isa</key>
			<string>PBXFileReference</string>
			<key>lastKnownFileType</key>
			<string>image.png</string>
			<key>path</key>
			<string>good@2x.png</string>
			<key>sourceTree</key>
			<string>&lt;group&gt;</string>
		</dict>
		<key>A58CF98118F6A11C00AA2B2E</key>
		<dict>
			<key>fileRef</key>
			<string>A58CF97F18F6A11C00AA2B2E</string>
			<key>isa</key>
			<string>PBXBuildFile</string>
		</dict>
		<key>A58CF98218F6A11C00AA2B2E</key>
		<dict>
			<key>fileRef</key>
			<string>A58CF98018F6A11C00AA2B2E</string>
			<key>isa</key>
			<string>PBXBuildFile</string>
		</dict>
		<key>A58CF98318F6A66900AA2B2E</key>
		<dict>
			<key>isa</key>
			<string>PBXFileReference</string>
			<key>lastKnownFileType</key>
			<string>image.png</string>
			<key>path</key>
			<string>bad.png</string>
			<key>sourceTree</key>
			<string>&lt;group&gt;</string>
		</dict>
		<key>A58CF98418F6A66900AA2B2E</key>
		<dict>
			<key>isa</key>
			<string>PBXFileReference</string>
			<key>lastKnownFileType</key>
			<string>image.png</string>
			<key>path</key>
			<string>bad@2x.png</string>
			<key>sourceTree</key>
			<string>&lt;group&gt;</string>
		</dict>
		<key>A58CF98518F6A66900AA2B2E</key>
		<dict>
			<key>fileRef</key>
			<string>A58CF98318F6A66900AA2B2E</string>
			<key>isa</key>
			<string>PBXBuildFile</string>
		</dict>
		<key>A58CF98618F6A66900AA2B2E</key>
		<dict>
			<key>fileRef</key>
			<string>A58CF98418F6A66900AA2B2E</string>
			<key>isa</key>
			<string>PBXBuildFile</string>
		</dict>
		<key>A58EDA4218E0DF94003B9D42</key>
		<dict>
			<key>isa</key>
			<string>PBXFileReference</string>
			<key>lastKnownFileType</key>
			<string>image.png</string>
			<key>path</key>
			<string>UINavigationBarBackIndicatorDefault@2x.png</string>
			<key>sourceTree</key>
			<string>&lt;group&gt;</string>
		</dict>
		<key>A58EDA4318E0DF94003B9D42</key>
		<dict>
			<key>fileRef</key>
			<string>A58EDA4218E0DF94003B9D42</string>
			<key>isa</key>
			<string>PBXBuildFile</string>
		</dict>
		<key>A58EDA4418E0E089003B9D42</key>
		<dict>
			<key>isa</key>
			<string>PBXFileReference</string>
			<key>lastKnownFileType</key>
			<string>image.png</string>
			<key>path</key>
			<string>UINavigationBarBackIndicatorDefault.png</string>
			<key>sourceTree</key>
			<string>&lt;group&gt;</string>
		</dict>
		<key>A58EDA4518E0E089003B9D42</key>
		<dict>
			<key>fileRef</key>
			<string>A58EDA4418E0E089003B9D42</string>
			<key>isa</key>
			<string>PBXBuildFile</string>
		</dict>
		<key>A592F26A18E759F6004D6996</key>
		<dict>
			<key>fileEncoding</key>
			<string>4</string>
			<key>isa</key>
			<string>PBXFileReference</string>
			<key>lastKnownFileType</key>
			<string>sourcecode.c.h</string>
			<key>path</key>
			<string>ThemeViewController.h</string>
			<key>sourceTree</key>
			<string>&lt;group&gt;</string>
		</dict>
		<key>A592F26B18E759F6004D6996</key>
		<dict>
			<key>fileEncoding</key>
			<string>4</string>
			<key>isa</key>
			<string>PBXFileReference</string>
			<key>lastKnownFileType</key>
			<string>sourcecode.c.objc</string>
			<key>path</key>
			<string>ThemeViewController.m</string>
			<key>sourceTree</key>
			<string>&lt;group&gt;</string>
		</dict>
		<key>A592F26C18E759F6004D6996</key>
		<dict>
			<key>fileRef</key>
			<string>A592F26B18E759F6004D6996</string>
			<key>isa</key>
			<string>PBXBuildFile</string>
		</dict>
		<key>A592F26D18E75A26004D6996</key>
		<dict>
			<key>fileEncoding</key>
			<string>4</string>
			<key>isa</key>
			<string>PBXFileReference</string>
			<key>lastKnownFileType</key>
			<string>sourcecode.c.h</string>
			<key>path</key>
			<string>ThemeChildViewController.h</string>
			<key>sourceTree</key>
			<string>&lt;group&gt;</string>
		</dict>
		<key>A592F26E18E75A26004D6996</key>
		<dict>
			<key>fileEncoding</key>
			<string>4</string>
			<key>isa</key>
			<string>PBXFileReference</string>
			<key>lastKnownFileType</key>
			<string>sourcecode.c.objc</string>
			<key>path</key>
			<string>ThemeChildViewController.m</string>
			<key>sourceTree</key>
			<string>&lt;group&gt;</string>
		</dict>
		<key>A592F26F18E75A26004D6996</key>
		<dict>
			<key>fileRef</key>
			<string>A592F26E18E75A26004D6996</string>
			<key>isa</key>
			<string>PBXBuildFile</string>
		</dict>
		<key>A59D6FB51896FFC400017711</key>
		<dict>
			<key>fileEncoding</key>
			<string>4</string>
			<key>isa</key>
			<string>PBXFileReference</string>
			<key>lastKnownFileType</key>
			<string>sourcecode.c.h</string>
			<key>path</key>
			<string>SettingsViewController.h</string>
			<key>sourceTree</key>
			<string>&lt;group&gt;</string>
		</dict>
		<key>A59D6FB61896FFC400017711</key>
		<dict>
			<key>fileEncoding</key>
			<string>4</string>
			<key>isa</key>
			<string>PBXFileReference</string>
			<key>lastKnownFileType</key>
			<string>sourcecode.c.objc</string>
			<key>path</key>
			<string>SettingsViewController.m</string>
			<key>sourceTree</key>
			<string>&lt;group&gt;</string>
		</dict>
		<key>A59D6FB71896FFC400017711</key>
		<dict>
			<key>fileRef</key>
			<string>A59D6FB61896FFC400017711</string>
			<key>isa</key>
			<string>PBXBuildFile</string>
		</dict>
		<key>A5A690C918984D7C001D5275</key>
		<dict>
			<key>fileEncoding</key>
			<string>4</string>
			<key>isa</key>
			<string>PBXFileReference</string>
			<key>lastKnownFileType</key>
			<string>sourcecode.c.h</string>
			<key>path</key>
			<string>BiletListTableViewController.h</string>
			<key>sourceTree</key>
			<string>&lt;group&gt;</string>
		</dict>
		<key>A5A690CA18984D7C001D5275</key>
		<dict>
			<key>fileEncoding</key>
			<string>4</string>
			<key>isa</key>
			<string>PBXFileReference</string>
			<key>lastKnownFileType</key>
			<string>sourcecode.c.objc</string>
			<key>path</key>
			<string>BiletListTableViewController.m</string>
			<key>sourceTree</key>
			<string>&lt;group&gt;</string>
		</dict>
		<key>A5A690CB18984D7C001D5275</key>
		<dict>
			<key>fileRef</key>
			<string>A5A690CA18984D7C001D5275</string>
			<key>isa</key>
			<string>PBXBuildFile</string>
		</dict>
		<key>A5A690D218985634001D5275</key>
		<dict>
			<key>fileEncoding</key>
			<string>4</string>
			<key>isa</key>
			<string>PBXFileReference</string>
			<key>lastKnownFileType</key>
			<string>sourcecode.c.h</string>
			<key>path</key>
			<string>ThemeListTableViewController.h</string>
			<key>sourceTree</key>
			<string>&lt;group&gt;</string>
		</dict>
		<key>A5A690D318985634001D5275</key>
		<dict>
			<key>fileEncoding</key>
			<string>4</string>
			<key>isa</key>
			<string>PBXFileReference</string>
			<key>lastKnownFileType</key>
			<string>sourcecode.c.objc</string>
			<key>path</key>
			<string>ThemeListTableViewController.m</string>
			<key>sourceTree</key>
			<string>&lt;group&gt;</string>
		</dict>
		<key>A5A690D418985634001D5275</key>
		<dict>
			<key>fileRef</key>
			<string>A5A690D318985634001D5275</string>
			<key>isa</key>
			<string>PBXBuildFile</string>
		</dict>
		<key>A5B04AB418BF80B1007B4D05</key>
		<dict>
			<key>fileEncoding</key>
			<string>4</string>
			<key>isa</key>
			<string>PBXFileReference</string>
			<key>lastKnownFileType</key>
			<string>sourcecode.c.h</string>
			<key>path</key>
			<string>BiletChildViewController.h</string>
			<key>sourceTree</key>
			<string>&lt;group&gt;</string>
		</dict>
		<key>A5B04AB518BF80B1007B4D05</key>
		<dict>
			<key>fileEncoding</key>
			<string>4</string>
			<key>isa</key>
			<string>PBXFileReference</string>
			<key>lastKnownFileType</key>
			<string>sourcecode.c.objc</string>
			<key>path</key>
			<string>BiletChildViewController.m</string>
			<key>sourceTree</key>
			<string>&lt;group&gt;</string>
		</dict>
		<key>A5B04AB618BF80B1007B4D05</key>
		<dict>
			<key>fileEncoding</key>
			<string>4</string>
			<key>isa</key>
			<string>PBXFileReference</string>
			<key>lastKnownFileType</key>
			<string>sourcecode.c.h</string>
			<key>path</key>
			<string>BiletViewController.h</string>
			<key>sourceTree</key>
			<string>&lt;group&gt;</string>
		</dict>
		<key>A5B04AB718BF80B1007B4D05</key>
		<dict>
			<key>fileEncoding</key>
			<string>4</string>
			<key>isa</key>
			<string>PBXFileReference</string>
			<key>lastKnownFileType</key>
			<string>sourcecode.c.objc</string>
			<key>path</key>
			<string>BiletViewController.m</string>
			<key>sourceTree</key>
			<string>&lt;group&gt;</string>
		</dict>
		<key>A5B04AB818BF80B1007B4D05</key>
		<dict>
			<key>fileRef</key>
			<string>A5B04AB518BF80B1007B4D05</string>
			<key>isa</key>
			<string>PBXBuildFile</string>
		</dict>
		<key>A5B04AB918BF80B1007B4D05</key>
		<dict>
			<key>fileRef</key>
			<string>A5B04AB718BF80B1007B4D05</string>
			<key>isa</key>
			<string>PBXBuildFile</string>
		</dict>
		<key>A5BA5F2D18F7EBF50005A5BF</key>
		<dict>
			<key>isa</key>
			<string>PBXFileReference</string>
			<key>lastKnownFileType</key>
			<string>image.png</string>
			<key>path</key>
			<string>vk_share.png</string>
			<key>sourceTree</key>
			<string>&lt;group&gt;</string>
		</dict>
		<key>A5BA5F2E18F7EBF50005A5BF</key>
		<dict>
			<key>isa</key>
			<string>PBXFileReference</string>
			<key>lastKnownFileType</key>
			<string>image.png</string>
			<key>path</key>
			<string>vk_share@2x.png</string>
			<key>sourceTree</key>
			<string>&lt;group&gt;</string>
		</dict>
		<key>A5BA5F3118F7EBF50005A5BF</key>
		<dict>
			<key>fileRef</key>
			<string>A5BA5F2D18F7EBF50005A5BF</string>
			<key>isa</key>
			<string>PBXBuildFile</string>
		</dict>
		<key>A5BA5F3218F7EBF50005A5BF</key>
		<dict>
			<key>fileRef</key>
			<string>A5BA5F2E18F7EBF50005A5BF</string>
			<key>isa</key>
			<string>PBXBuildFile</string>
		</dict>
		<key>A5C18401189BEC6B00845C10</key>
		<dict>
			<key>fileEncoding</key>
			<string>4</string>
			<key>isa</key>
			<string>PBXFileReference</string>
			<key>lastKnownFileType</key>
			<string>sourcecode.c.h</string>
			<key>path</key>
			<string>RulesListTableViewController.h</string>
			<key>sourceTree</key>
			<string>&lt;group&gt;</string>
		</dict>
		<key>A5C18402189BEC6B00845C10</key>
		<dict>
			<key>fileEncoding</key>
			<string>4</string>
			<key>isa</key>
			<string>PBXFileReference</string>
			<key>lastKnownFileType</key>
			<string>sourcecode.c.objc</string>
			<key>path</key>
			<string>RulesListTableViewController.m</string>
			<key>sourceTree</key>
			<string>&lt;group&gt;</string>
		</dict>
		<key>A5C18403189BEC6B00845C10</key>
		<dict>
			<key>fileRef</key>
			<string>A5C18402189BEC6B00845C10</string>
			<key>isa</key>
			<string>PBXBuildFile</string>
		</dict>
		<key>A5CC12DF189DB5350011599C</key>
		<dict>
			<key>fileEncoding</key>
			<string>4</string>
			<key>isa</key>
			<string>PBXFileReference</string>
			<key>lastKnownFileType</key>
			<string>text.html</string>
			<key>path</key>
			<string>pdd1.html</string>
			<key>sourceTree</key>
			<string>&lt;group&gt;</string>
		</dict>
		<key>A5CC12E0189DB5350011599C</key>
		<dict>
			<key>fileRef</key>
			<string>A5CC12DF189DB5350011599C</string>
			<key>isa</key>
			<string>PBXBuildFile</string>
		</dict>
		<key>A5CCDE5C18F0677F0052456F</key>
		<dict>
			<key>isa</key>
			<string>PBXFileReference</string>
			<key>lastKnownFileType</key>
			<string>wrapper.framework</string>
			<key>name</key>
			<string>Social.framework</string>
			<key>path</key>
			<string>System/Library/Frameworks/Social.framework</string>
			<key>sourceTree</key>
			<string>SDKROOT</string>
		</dict>
		<key>A5CCDE5D18F0677F0052456F</key>
		<dict>
			<key>fileRef</key>
			<string>A5CCDE5C18F0677F0052456F</string>
			<key>isa</key>
			<string>PBXBuildFile</string>
		</dict>
		<key>A5CDAD6218F5EF8A002FAE8A</key>
		<dict>
			<key>isa</key>
			<string>PBXFileReference</string>
			<key>lastKnownFileType</key>
			<string>wrapper.framework</string>
			<key>name</key>
			<string>StoreKit.framework</string>
			<key>path</key>
			<string>System/Library/Frameworks/StoreKit.framework</string>
			<key>sourceTree</key>
			<string>SDKROOT</string>
		</dict>
		<key>A5CDAD6318F5EF8A002FAE8A</key>
		<dict>
			<key>fileRef</key>
			<string>A5CDAD6218F5EF8A002FAE8A</string>
			<key>isa</key>
			<string>PBXBuildFile</string>
			<key>settings</key>
			<dict>
				<key>ATTRIBUTES</key>
				<array>
					<string>Weak</string>
				</array>
			</dict>
		</dict>
		<key>A5D2BE3618F2075000248E7C</key>
		<dict>
			<key>fileEncoding</key>
			<string>4</string>
			<key>isa</key>
			<string>PBXFileReference</string>
			<key>lastKnownFileType</key>
			<string>sourcecode.c.h</string>
			<key>name</key>
			<string>VKontakteActivity.h</string>
			<key>path</key>
			<string>../znatokPDD/VKontakteActivity.h</string>
			<key>sourceTree</key>
			<string>&lt;group&gt;</string>
		</dict>
		<key>A5D2BE3718F2075000248E7C</key>
		<dict>
			<key>fileEncoding</key>
			<string>4</string>
			<key>isa</key>
			<string>PBXFileReference</string>
			<key>lastKnownFileType</key>
			<string>sourcecode.c.objc</string>
			<key>name</key>
			<string>VKontakteActivity.m</string>
			<key>path</key>
			<string>../znatokPDD/VKontakteActivity.m</string>
			<key>sourceTree</key>
			<string>&lt;group&gt;</string>
		</dict>
		<key>A5D2BE3818F2075000248E7C</key>
		<dict>
			<key>fileRef</key>
			<string>A5D2BE3718F2075000248E7C</string>
			<key>isa</key>
			<string>PBXBuildFile</string>
		</dict>
		<key>A5F53B3218F7F2FE00648441</key>
		<dict>
			<key>isa</key>
			<string>PBXFileReference</string>
			<key>lastKnownFileType</key>
			<string>image.png</string>
			<key>path</key>
			<string>crash.png</string>
			<key>sourceTree</key>
			<string>&lt;group&gt;</string>
		</dict>
		<key>A5F53B3318F7F2FE00648441</key>
		<dict>
			<key>isa</key>
			<string>PBXFileReference</string>
			<key>lastKnownFileType</key>
			<string>image.png</string>
			<key>path</key>
			<string>crash@2x.png</string>
			<key>sourceTree</key>
			<string>&lt;group&gt;</string>
		</dict>
		<key>A5F53B3418F7F2FE00648441</key>
		<dict>
			<key>fileRef</key>
			<string>A5F53B3218F7F2FE00648441</string>
			<key>isa</key>
			<string>PBXBuildFile</string>
		</dict>
		<key>A5F53B3518F7F2FE00648441</key>
		<dict>
			<key>fileRef</key>
			<string>A5F53B3318F7F2FE00648441</string>
			<key>isa</key>
			<string>PBXBuildFile</string>
		</dict>
		<key>OBJCLEANCUSTOMRUNSCRIPTT</key>
		<dict>
			<key>buildActionMask</key>
			<integer>2147483647</integer>
			<key>files</key>
			<array/>
			<key>inputPaths</key>
			<array/>
			<key>isa</key>
			<string>PBXShellScriptBuildPhase</string>
			<key>name</key>
			<string>Objective-Clean Run Script</string>
			<key>outputPaths</key>
			<array/>
			<key>runOnlyForDeploymentPostprocessing</key>
			<integer>0</integer>
			<key>shellPath</key>
			<string>/bin/bash</string>
			<key>shellScript</key>
			<string>if [[ -z ${SKIP_OBJCLEAN} || ${SKIP_OBJCLEAN} != 1 ]]; then
if [[ -d "${LOCAL_APPS_DIR}/Objective-Clean.app" ]]; then 
"${LOCAL_APPS_DIR}"/Objective-Clean.app/Contents/Resources/ObjClean.app/Contents/MacOS/ObjClean "${SRCROOT}"?-VK,-i 
else
echo "warning: You have to install and set up Objective-Clean to use its features!" 
fi
fi</string>
		</dict>
	</dict>
	<key>rootObject</key>
	<string>A522E5EC189521C70090AFA2</string>
</dict>
</plist>
